// !$*UTF8*$!
{
	archiveVersion = 1;
	classes = {
	};
	objectVersion = 47;
	objects = {

/* Begin PBXBuildFile section */
		4410BDC41BAFDB7300912BD7 /* main.m in Sources */ = {isa = PBXBuildFile; fileRef = 4410BDC31BAFDB7300912BD7 /* main.m */; };
		4410BDC71BAFDB7300912BD7 /* DLSAppDelegate.m in Sources */ = {isa = PBXBuildFile; fileRef = 4410BDC61BAFDB7300912BD7 /* DLSAppDelegate.m */; };
		443B53DB1BAFE89E00922534 /* DLSTableViewController.m in Sources */ = {isa = PBXBuildFile; fileRef = 443B53D91BAFE89E00922534 /* DLSTableViewController.m */; };
		443B53DC1BAFE89E00922534 /* DLSTableViewController.xib in Resources */ = {isa = PBXBuildFile; fileRef = 443B53DA1BAFE89E00922534 /* DLSTableViewController.xib */; };
		443B53E11BAFEBD500922534 /* DLSObservableObject.m in Sources */ = {isa = PBXBuildFile; fileRef = 443B53E01BAFEBD500922534 /* DLSObservableObject.m */; };
		443B53E21BAFEBD500922534 /* DLSObservableObject.m in Sources */ = {isa = PBXBuildFile; fileRef = 443B53E01BAFEBD500922534 /* DLSObservableObject.m */; };
		443B53E31BAFEBEC00922534 /* UIViewController+DLSExtentions.m in Sources */ = {isa = PBXBuildFile; fileRef = 446811AD1BAAA4FF00A2BDA7 /* UIViewController+DLSExtentions.m */; };
		443B53E41BAFEBF000922534 /* NSObject+DLSExtensions.m in Sources */ = {isa = PBXBuildFile; fileRef = 44CE6DB91BA8BAD50098FCE8 /* NSObject+DLSExtensions.m */; };
		443B53E51BAFEBF500922534 /* UIWindow+DLSExtensions.m in Sources */ = {isa = PBXBuildFile; fileRef = 44CE6DB51BA8B6D80098FCE8 /* UIWindow+DLSExtensions.m */; };
		446811AE1BAAA4FF00A2BDA7 /* UIViewController+DLSExtentions.m in Sources */ = {isa = PBXBuildFile; fileRef = 446811AD1BAAA4FF00A2BDA7 /* UIViewController+DLSExtentions.m */; };
		44CE6DB61BA8B6D80098FCE8 /* UIWindow+DLSExtensions.m in Sources */ = {isa = PBXBuildFile; fileRef = 44CE6DB51BA8B6D80098FCE8 /* UIWindow+DLSExtensions.m */; };
		44CE6DBA1BA8BAD50098FCE8 /* NSObject+DLSExtensions.m in Sources */ = {isa = PBXBuildFile; fileRef = 44CE6DB91BA8BAD50098FCE8 /* NSObject+DLSExtensions.m */; };
		44D0F4581BB0416B00895175 /* Task1_SquareUITests.m in Sources */ = {isa = PBXBuildFile; fileRef = 44D0F4571BB0416B00895175 /* Task1_SquareUITests.m */; };
		44D0F4661BB0418100895175 /* Task2_UITableViewUITests.m in Sources */ = {isa = PBXBuildFile; fileRef = 44D0F4651BB0418100895175 /* Task2_UITableViewUITests.m */; };
		44D1AC781BB3DCAE003144D7 /* UINib+DLSExtentions.m in Sources */ = {isa = PBXBuildFile; fileRef = 44D1AC771BB3DCAE003144D7 /* UINib+DLSExtentions.m */; };
		44D1AC791BB3DCAE003144D7 /* UINib+DLSExtentions.m in Sources */ = {isa = PBXBuildFile; fileRef = 44D1AC771BB3DCAE003144D7 /* UINib+DLSExtentions.m */; };
		44D357F61B9F6A1700B111D6 /* main.m in Sources */ = {isa = PBXBuildFile; fileRef = 44D357F51B9F6A1700B111D6 /* main.m */; };
		44D357F91B9F6A1700B111D6 /* DLSAppDelegate.m in Sources */ = {isa = PBXBuildFile; fileRef = 44D357F81B9F6A1700B111D6 /* DLSAppDelegate.m */; };
		44D358041B9F6A1700B111D6 /* LaunchScreen.xib in Resources */ = {isa = PBXBuildFile; fileRef = 44D358021B9F6A1700B111D6 /* LaunchScreen.xib */; };
		44D358221B9F758800B111D6 /* UIKitStudyPlan in Resources */ = {isa = PBXBuildFile; fileRef = 44D358211B9F758800B111D6 /* UIKitStudyPlan */; };
		44D358341B9F8E0100B111D6 /* DLSSquareViewController.m in Sources */ = {isa = PBXBuildFile; fileRef = 44D358321B9F8E0100B111D6 /* DLSSquareViewController.m */; };
		44D358351B9F8E0100B111D6 /* DLSSquareViewController.xib in Resources */ = {isa = PBXBuildFile; fileRef = 44D358331B9F8E0100B111D6 /* DLSSquareViewController.xib */; };
		44D3583B1B9F927300B111D6 /* DLSSquareHolderView.m in Sources */ = {isa = PBXBuildFile; fileRef = 44D3583A1B9F927300B111D6 /* DLSSquareHolderView.m */; };
		44D3583F1B9F935F00B111D6 /* Images.xcassets in Resources */ = {isa = PBXBuildFile; fileRef = 44D3583D1B9F935F00B111D6 /* Images.xcassets */; };
		44E3A4FC1BE177DF00115880 /* DLSAlphabet.m in Sources */ = {isa = PBXBuildFile; fileRef = 44E3A4FB1BE177DF00115880 /* DLSAlphabet.m */; };
		44E3A5021BE17A3900115880 /* DLSAlphabetWithAlphabets.m in Sources */ = {isa = PBXBuildFile; fileRef = 44E3A5011BE17A3900115880 /* DLSAlphabetWithAlphabets.m */; };
		44E3A5051BE17A5000115880 /* DLSAlphabetWithRange.m in Sources */ = {isa = PBXBuildFile; fileRef = 44E3A5041BE17A5000115880 /* DLSAlphabetWithRange.m */; };
		44E3A5081BE17A6600115880 /* DLSAlphabetWithStrings.m in Sources */ = {isa = PBXBuildFile; fileRef = 44E3A5071BE17A6600115880 /* DLSAlphabetWithStrings.m */; };
		44E3A50F1BE17F6D00115880 /* DLSLoadingView.xib in Resources */ = {isa = PBXBuildFile; fileRef = 44E3A50E1BE17F6D00115880 /* DLSLoadingView.xib */; };
		44E3A5121BE17F8100115880 /* DLSLoadingView.m in Sources */ = {isa = PBXBuildFile; fileRef = 44E3A5111BE17F8100115880 /* DLSLoadingView.m */; };
		44E3A5171BE189D200115880 /* DLSTableViewCell.m in Sources */ = {isa = PBXBuildFile; fileRef = 44E3A5161BE189D200115880 /* DLSTableViewCell.m */; };
		44E3A51A1BE18ACB00115880 /* DLSUserCell.m in Sources */ = {isa = PBXBuildFile; fileRef = 44E3A5191BE18ACB00115880 /* DLSUserCell.m */; };
		44E3A51E1BE18CC200115880 /* DLSUserCell.xib in Resources */ = {isa = PBXBuildFile; fileRef = 44E3A51D1BE18CC200115880 /* DLSUserCell.xib */; };
		44E3A5271BE19BF800115880 /* DLSModel.m in Sources */ = {isa = PBXBuildFile; fileRef = 44E3A5261BE19BF800115880 /* DLSModel.m */; };
		44E3A52A1BE19C2B00115880 /* DLSArrayModel.m in Sources */ = {isa = PBXBuildFile; fileRef = 44E3A5291BE19C2B00115880 /* DLSArrayModel.m */; };
		44E3A52D1BE19C4E00115880 /* DLSUserArrayModel.m in Sources */ = {isa = PBXBuildFile; fileRef = 44E3A52C1BE19C4E00115880 /* DLSUserArrayModel.m */; };
		44E3A5301BE19C8C00115880 /* DLSChangeModel.m in Sources */ = {isa = PBXBuildFile; fileRef = 44E3A52F1BE19C8C00115880 /* DLSChangeModel.m */; };
		44E3A5331BE19EDE00115880 /* DLSUser.m in Sources */ = {isa = PBXBuildFile; fileRef = 44E3A5321BE19EDE00115880 /* DLSUser.m */; };
		44E3A5361BE1A47100115880 /* DLSImageModel.m in Sources */ = {isa = PBXBuildFile; fileRef = 44E3A5351BE1A47100115880 /* DLSImageModel.m */; };
		44E3A53B1BE1A66000115880 /* DLSView.m in Sources */ = {isa = PBXBuildFile; fileRef = 44E3A53A1BE1A66000115880 /* DLSView.m */; };
		44E3A53E1BE1A67B00115880 /* DLSImageView.m in Sources */ = {isa = PBXBuildFile; fileRef = 44E3A53D1BE1A67B00115880 /* DLSImageView.m */; };
		44E54F071BE209E700CC939A /* NSString+DLSExtensions.m in Sources */ = {isa = PBXBuildFile; fileRef = 44E54F061BE209E700CC939A /* NSString+DLSExtensions.m */; };
		44E54F081BE209E700CC939A /* NSString+DLSExtensions.m in Sources */ = {isa = PBXBuildFile; fileRef = 44E54F061BE209E700CC939A /* NSString+DLSExtensions.m */; };
/* End PBXBuildFile section */

/* Begin PBXContainerItemProxy section */
		44D0F45A1BB0416B00895175 /* PBXContainerItemProxy */ = {
			isa = PBXContainerItemProxy;
			containerPortal = 44D357E81B9F6A1700B111D6 /* Project object */;
			proxyType = 1;
			remoteGlobalIDString = 44D357EF1B9F6A1700B111D6;
			remoteInfo = Task1_Square;
		};
		44D0F4681BB0418100895175 /* PBXContainerItemProxy */ = {
			isa = PBXContainerItemProxy;
			containerPortal = 44D357E81B9F6A1700B111D6 /* Project object */;
			proxyType = 1;
			remoteGlobalIDString = 4410BDBF1BAFDB7300912BD7;
			remoteInfo = Task2_UITableView;
		};
/* End PBXContainerItemProxy section */

/* Begin PBXFileReference section */
		1EA679365432FA879AEBC945 /* Pods-DLSiOSProjectTests.debug.xcconfig */ = {isa = PBXFileReference; includeInIndex = 1; lastKnownFileType = text.xcconfig; name = "Pods-DLSiOSProjectTests.debug.xcconfig"; path = "Pods/Target Support Files/Pods-DLSiOSProjectTests/Pods-DLSiOSProjectTests.debug.xcconfig"; sourceTree = "<group>"; };
		4410BDC01BAFDB7300912BD7 /* Task2_UITableView.app */ = {isa = PBXFileReference; explicitFileType = wrapper.application; includeInIndex = 0; path = Task2_UITableView.app; sourceTree = BUILT_PRODUCTS_DIR; };
		4410BDC31BAFDB7300912BD7 /* main.m */ = {isa = PBXFileReference; lastKnownFileType = sourcecode.c.objc; path = main.m; sourceTree = "<group>"; };
		4410BDC51BAFDB7300912BD7 /* DLSAppDelegate.h */ = {isa = PBXFileReference; lastKnownFileType = sourcecode.c.h; path = DLSAppDelegate.h; sourceTree = "<group>"; };
		4410BDC61BAFDB7300912BD7 /* DLSAppDelegate.m */ = {isa = PBXFileReference; lastKnownFileType = sourcecode.c.objc; path = DLSAppDelegate.m; sourceTree = "<group>"; };
		4410BDD31BAFDB7300912BD7 /* Info.plist */ = {isa = PBXFileReference; lastKnownFileType = text.plist.xml; path = Info.plist; sourceTree = "<group>"; };
		443B53D81BAFE89E00922534 /* DLSTableViewController.h */ = {isa = PBXFileReference; fileEncoding = 4; lastKnownFileType = sourcecode.c.h; path = DLSTableViewController.h; sourceTree = "<group>"; };
		443B53D91BAFE89E00922534 /* DLSTableViewController.m */ = {isa = PBXFileReference; fileEncoding = 4; lastKnownFileType = sourcecode.c.objc; path = DLSTableViewController.m; sourceTree = "<group>"; };
		443B53DA1BAFE89E00922534 /* DLSTableViewController.xib */ = {isa = PBXFileReference; fileEncoding = 4; lastKnownFileType = file.xib; path = DLSTableViewController.xib; sourceTree = "<group>"; };
		443B53DF1BAFEBD500922534 /* DLSObservableObject.h */ = {isa = PBXFileReference; fileEncoding = 4; lastKnownFileType = sourcecode.c.h; path = DLSObservableObject.h; sourceTree = "<group>"; };
		443B53E01BAFEBD500922534 /* DLSObservableObject.m */ = {isa = PBXFileReference; fileEncoding = 4; lastKnownFileType = sourcecode.c.objc; path = DLSObservableObject.m; sourceTree = "<group>"; };
		446811AC1BAAA4FF00A2BDA7 /* UIViewController+DLSExtentions.h */ = {isa = PBXFileReference; fileEncoding = 4; lastKnownFileType = sourcecode.c.h; path = "UIViewController+DLSExtentions.h"; sourceTree = "<group>"; };
		446811AD1BAAA4FF00A2BDA7 /* UIViewController+DLSExtentions.m */ = {isa = PBXFileReference; fileEncoding = 4; lastKnownFileType = sourcecode.c.objc; path = "UIViewController+DLSExtentions.m"; sourceTree = "<group>"; };
		44CE6DA71BA8B25B0098FCE8 /* DLSMacros.h */ = {isa = PBXFileReference; fileEncoding = 4; lastKnownFileType = sourcecode.c.h; path = DLSMacros.h; sourceTree = "<group>"; };
		44CE6DA81BA8B2750098FCE8 /* DLSConstants.h */ = {isa = PBXFileReference; fileEncoding = 4; lastKnownFileType = sourcecode.c.h; path = DLSConstants.h; sourceTree = "<group>"; };
		44CE6DB41BA8B6D80098FCE8 /* UIWindow+DLSExtensions.h */ = {isa = PBXFileReference; fileEncoding = 4; lastKnownFileType = sourcecode.c.h; path = "UIWindow+DLSExtensions.h"; sourceTree = "<group>"; };
		44CE6DB51BA8B6D80098FCE8 /* UIWindow+DLSExtensions.m */ = {isa = PBXFileReference; fileEncoding = 4; lastKnownFileType = sourcecode.c.objc; path = "UIWindow+DLSExtensions.m"; sourceTree = "<group>"; };
		44CE6DB81BA8BAD50098FCE8 /* NSObject+DLSExtensions.h */ = {isa = PBXFileReference; fileEncoding = 4; lastKnownFileType = sourcecode.c.h; path = "NSObject+DLSExtensions.h"; sourceTree = "<group>"; };
		44CE6DB91BA8BAD50098FCE8 /* NSObject+DLSExtensions.m */ = {isa = PBXFileReference; fileEncoding = 4; lastKnownFileType = sourcecode.c.objc; path = "NSObject+DLSExtensions.m"; sourceTree = "<group>"; };
		44D0F4551BB0416B00895175 /* Task1_SquareUITests.xctest */ = {isa = PBXFileReference; explicitFileType = wrapper.cfbundle; includeInIndex = 0; path = Task1_SquareUITests.xctest; sourceTree = BUILT_PRODUCTS_DIR; };
		44D0F4571BB0416B00895175 /* Task1_SquareUITests.m */ = {isa = PBXFileReference; lastKnownFileType = sourcecode.c.objc; path = Task1_SquareUITests.m; sourceTree = "<group>"; };
		44D0F4591BB0416B00895175 /* Info.plist */ = {isa = PBXFileReference; lastKnownFileType = text.plist.xml; path = Info.plist; sourceTree = "<group>"; };
		44D0F4631BB0418100895175 /* Task2_UITableViewUITests.xctest */ = {isa = PBXFileReference; explicitFileType = wrapper.cfbundle; includeInIndex = 0; path = Task2_UITableViewUITests.xctest; sourceTree = BUILT_PRODUCTS_DIR; };
		44D0F4651BB0418100895175 /* Task2_UITableViewUITests.m */ = {isa = PBXFileReference; lastKnownFileType = sourcecode.c.objc; path = Task2_UITableViewUITests.m; sourceTree = "<group>"; };
		44D0F4671BB0418100895175 /* Info.plist */ = {isa = PBXFileReference; lastKnownFileType = text.plist.xml; path = Info.plist; sourceTree = "<group>"; };
		44D1AC761BB3DCAE003144D7 /* UINib+DLSExtentions.h */ = {isa = PBXFileReference; fileEncoding = 4; lastKnownFileType = sourcecode.c.h; path = "UINib+DLSExtentions.h"; sourceTree = "<group>"; };
		44D1AC771BB3DCAE003144D7 /* UINib+DLSExtentions.m */ = {isa = PBXFileReference; fileEncoding = 4; lastKnownFileType = sourcecode.c.objc; path = "UINib+DLSExtentions.m"; sourceTree = "<group>"; };
		44D357F01B9F6A1700B111D6 /* Task1_Square.app */ = {isa = PBXFileReference; explicitFileType = wrapper.application; includeInIndex = 0; path = Task1_Square.app; sourceTree = BUILT_PRODUCTS_DIR; };
		44D357F41B9F6A1700B111D6 /* Info.plist */ = {isa = PBXFileReference; lastKnownFileType = text.plist.xml; path = Info.plist; sourceTree = "<group>"; };
		44D357F51B9F6A1700B111D6 /* main.m */ = {isa = PBXFileReference; lastKnownFileType = sourcecode.c.objc; path = main.m; sourceTree = "<group>"; };
		44D357F71B9F6A1700B111D6 /* DLSAppDelegate.h */ = {isa = PBXFileReference; lastKnownFileType = sourcecode.c.h; path = DLSAppDelegate.h; sourceTree = "<group>"; };
		44D357F81B9F6A1700B111D6 /* DLSAppDelegate.m */ = {isa = PBXFileReference; lastKnownFileType = sourcecode.c.objc; path = DLSAppDelegate.m; sourceTree = "<group>"; };
		44D358031B9F6A1700B111D6 /* Base */ = {isa = PBXFileReference; lastKnownFileType = file.xib; name = Base; path = Base.lproj/LaunchScreen.xib; sourceTree = "<group>"; };
		44D358211B9F758800B111D6 /* UIKitStudyPlan */ = {isa = PBXFileReference; fileEncoding = 4; lastKnownFileType = text; path = UIKitStudyPlan; sourceTree = "<group>"; };
		44D358311B9F8E0100B111D6 /* DLSSquareViewController.h */ = {isa = PBXFileReference; fileEncoding = 4; lastKnownFileType = sourcecode.c.h; path = DLSSquareViewController.h; sourceTree = "<group>"; };
		44D358321B9F8E0100B111D6 /* DLSSquareViewController.m */ = {isa = PBXFileReference; fileEncoding = 4; lastKnownFileType = sourcecode.c.objc; path = DLSSquareViewController.m; sourceTree = "<group>"; };
		44D358331B9F8E0100B111D6 /* DLSSquareViewController.xib */ = {isa = PBXFileReference; fileEncoding = 4; lastKnownFileType = file.xib; path = DLSSquareViewController.xib; sourceTree = "<group>"; };
		44D358391B9F927300B111D6 /* DLSSquareHolderView.h */ = {isa = PBXFileReference; fileEncoding = 4; lastKnownFileType = sourcecode.c.h; path = DLSSquareHolderView.h; sourceTree = "<group>"; };
		44D3583A1B9F927300B111D6 /* DLSSquareHolderView.m */ = {isa = PBXFileReference; fileEncoding = 4; lastKnownFileType = sourcecode.c.objc; path = DLSSquareHolderView.m; sourceTree = "<group>"; };
		44D3583D1B9F935F00B111D6 /* Images.xcassets */ = {isa = PBXFileReference; lastKnownFileType = folder.assetcatalog; name = Images.xcassets; path = Resources/Images.xcassets; sourceTree = SOURCE_ROOT; };
		44E3A4FA1BE177DF00115880 /* DLSAlphabet.h */ = {isa = PBXFileReference; fileEncoding = 4; lastKnownFileType = sourcecode.c.h; path = DLSAlphabet.h; sourceTree = "<group>"; };
		44E3A4FB1BE177DF00115880 /* DLSAlphabet.m */ = {isa = PBXFileReference; fileEncoding = 4; lastKnownFileType = sourcecode.c.objc; path = DLSAlphabet.m; sourceTree = "<group>"; };
		44E3A5001BE17A3900115880 /* DLSAlphabetWithAlphabets.h */ = {isa = PBXFileReference; fileEncoding = 4; lastKnownFileType = sourcecode.c.h; path = DLSAlphabetWithAlphabets.h; sourceTree = "<group>"; };
		44E3A5011BE17A3900115880 /* DLSAlphabetWithAlphabets.m */ = {isa = PBXFileReference; fileEncoding = 4; lastKnownFileType = sourcecode.c.objc; path = DLSAlphabetWithAlphabets.m; sourceTree = "<group>"; };
		44E3A5031BE17A5000115880 /* DLSAlphabetWithRange.h */ = {isa = PBXFileReference; fileEncoding = 4; lastKnownFileType = sourcecode.c.h; path = DLSAlphabetWithRange.h; sourceTree = "<group>"; };
		44E3A5041BE17A5000115880 /* DLSAlphabetWithRange.m */ = {isa = PBXFileReference; fileEncoding = 4; lastKnownFileType = sourcecode.c.objc; path = DLSAlphabetWithRange.m; sourceTree = "<group>"; };
		44E3A5061BE17A6600115880 /* DLSAlphabetWithStrings.h */ = {isa = PBXFileReference; fileEncoding = 4; lastKnownFileType = sourcecode.c.h; path = DLSAlphabetWithStrings.h; sourceTree = "<group>"; };
		44E3A5071BE17A6600115880 /* DLSAlphabetWithStrings.m */ = {isa = PBXFileReference; fileEncoding = 4; lastKnownFileType = sourcecode.c.objc; path = DLSAlphabetWithStrings.m; sourceTree = "<group>"; };
		44E3A50E1BE17F6D00115880 /* DLSLoadingView.xib */ = {isa = PBXFileReference; fileEncoding = 4; lastKnownFileType = file.xib; path = DLSLoadingView.xib; sourceTree = "<group>"; };
		44E3A5101BE17F8100115880 /* DLSLoadingView.h */ = {isa = PBXFileReference; fileEncoding = 4; lastKnownFileType = sourcecode.c.h; path = DLSLoadingView.h; sourceTree = "<group>"; };
		44E3A5111BE17F8100115880 /* DLSLoadingView.m */ = {isa = PBXFileReference; fileEncoding = 4; lastKnownFileType = sourcecode.c.objc; path = DLSLoadingView.m; sourceTree = "<group>"; };
		44E3A5151BE189D200115880 /* DLSTableViewCell.h */ = {isa = PBXFileReference; fileEncoding = 4; lastKnownFileType = sourcecode.c.h; path = DLSTableViewCell.h; sourceTree = "<group>"; };
		44E3A5161BE189D200115880 /* DLSTableViewCell.m */ = {isa = PBXFileReference; fileEncoding = 4; lastKnownFileType = sourcecode.c.objc; path = DLSTableViewCell.m; sourceTree = "<group>"; };
		44E3A5181BE18ACB00115880 /* DLSUserCell.h */ = {isa = PBXFileReference; fileEncoding = 4; lastKnownFileType = sourcecode.c.h; path = DLSUserCell.h; sourceTree = "<group>"; };
		44E3A5191BE18ACB00115880 /* DLSUserCell.m */ = {isa = PBXFileReference; fileEncoding = 4; lastKnownFileType = sourcecode.c.objc; path = DLSUserCell.m; sourceTree = "<group>"; };
		44E3A51D1BE18CC200115880 /* DLSUserCell.xib */ = {isa = PBXFileReference; fileEncoding = 4; lastKnownFileType = file.xib; path = DLSUserCell.xib; sourceTree = "<group>"; };
		44E3A5251BE19BF800115880 /* DLSModel.h */ = {isa = PBXFileReference; fileEncoding = 4; lastKnownFileType = sourcecode.c.h; path = DLSModel.h; sourceTree = "<group>"; };
		44E3A5261BE19BF800115880 /* DLSModel.m */ = {isa = PBXFileReference; fileEncoding = 4; lastKnownFileType = sourcecode.c.objc; path = DLSModel.m; sourceTree = "<group>"; };
		44E3A5281BE19C2B00115880 /* DLSArrayModel.h */ = {isa = PBXFileReference; fileEncoding = 4; lastKnownFileType = sourcecode.c.h; path = DLSArrayModel.h; sourceTree = "<group>"; };
		44E3A5291BE19C2B00115880 /* DLSArrayModel.m */ = {isa = PBXFileReference; fileEncoding = 4; lastKnownFileType = sourcecode.c.objc; path = DLSArrayModel.m; sourceTree = "<group>"; };
		44E3A52B1BE19C4E00115880 /* DLSUserArrayModel.h */ = {isa = PBXFileReference; fileEncoding = 4; lastKnownFileType = sourcecode.c.h; path = DLSUserArrayModel.h; sourceTree = "<group>"; };
		44E3A52C1BE19C4E00115880 /* DLSUserArrayModel.m */ = {isa = PBXFileReference; fileEncoding = 4; lastKnownFileType = sourcecode.c.objc; path = DLSUserArrayModel.m; sourceTree = "<group>"; };
		44E3A52E1BE19C8C00115880 /* DLSChangeModel.h */ = {isa = PBXFileReference; fileEncoding = 4; lastKnownFileType = sourcecode.c.h; path = DLSChangeModel.h; sourceTree = "<group>"; };
		44E3A52F1BE19C8C00115880 /* DLSChangeModel.m */ = {isa = PBXFileReference; fileEncoding = 4; lastKnownFileType = sourcecode.c.objc; path = DLSChangeModel.m; sourceTree = "<group>"; };
		44E3A5311BE19EDE00115880 /* DLSUser.h */ = {isa = PBXFileReference; fileEncoding = 4; lastKnownFileType = sourcecode.c.h; path = DLSUser.h; sourceTree = "<group>"; };
		44E3A5321BE19EDE00115880 /* DLSUser.m */ = {isa = PBXFileReference; fileEncoding = 4; lastKnownFileType = sourcecode.c.objc; path = DLSUser.m; sourceTree = "<group>"; };
		44E3A5341BE1A47100115880 /* DLSImageModel.h */ = {isa = PBXFileReference; fileEncoding = 4; lastKnownFileType = sourcecode.c.h; path = DLSImageModel.h; sourceTree = "<group>"; };
		44E3A5351BE1A47100115880 /* DLSImageModel.m */ = {isa = PBXFileReference; fileEncoding = 4; lastKnownFileType = sourcecode.c.objc; path = DLSImageModel.m; sourceTree = "<group>"; };
		44E3A5391BE1A66000115880 /* DLSView.h */ = {isa = PBXFileReference; fileEncoding = 4; lastKnownFileType = sourcecode.c.h; path = DLSView.h; sourceTree = "<group>"; };
		44E3A53A1BE1A66000115880 /* DLSView.m */ = {isa = PBXFileReference; fileEncoding = 4; lastKnownFileType = sourcecode.c.objc; path = DLSView.m; sourceTree = "<group>"; };
		44E3A53C1BE1A67B00115880 /* DLSImageView.h */ = {isa = PBXFileReference; fileEncoding = 4; lastKnownFileType = sourcecode.c.h; path = DLSImageView.h; sourceTree = "<group>"; };
		44E3A53D1BE1A67B00115880 /* DLSImageView.m */ = {isa = PBXFileReference; fileEncoding = 4; lastKnownFileType = sourcecode.c.objc; path = DLSImageView.m; sourceTree = "<group>"; };
		44E54F051BE209E700CC939A /* NSString+DLSExtensions.h */ = {isa = PBXFileReference; fileEncoding = 4; lastKnownFileType = sourcecode.c.h; path = "NSString+DLSExtensions.h"; sourceTree = "<group>"; };
		44E54F061BE209E700CC939A /* NSString+DLSExtensions.m */ = {isa = PBXFileReference; fileEncoding = 4; lastKnownFileType = sourcecode.c.objc; path = "NSString+DLSExtensions.m"; sourceTree = "<group>"; };
		6C1CD52294499A49585D4348 /* libPods-DLSiOSProjectTests.a */ = {isa = PBXFileReference; explicitFileType = archive.ar; includeInIndex = 0; path = "libPods-DLSiOSProjectTests.a"; sourceTree = BUILT_PRODUCTS_DIR; };
		BE77F5E4D0285693357AC05E /* Pods-DLSiOSProjectTests.release.xcconfig */ = {isa = PBXFileReference; includeInIndex = 1; lastKnownFileType = text.xcconfig; name = "Pods-DLSiOSProjectTests.release.xcconfig"; path = "Pods/Target Support Files/Pods-DLSiOSProjectTests/Pods-DLSiOSProjectTests.release.xcconfig"; sourceTree = "<group>"; };
/* End PBXFileReference section */

/* Begin PBXFrameworksBuildPhase section */
		4410BDBD1BAFDB7300912BD7 /* Frameworks */ = {
			isa = PBXFrameworksBuildPhase;
			buildActionMask = 2147483647;
			files = (
			);
			runOnlyForDeploymentPostprocessing = 0;
		};
		44D0F4521BB0416B00895175 /* Frameworks */ = {
			isa = PBXFrameworksBuildPhase;
			buildActionMask = 2147483647;
			files = (
			);
			runOnlyForDeploymentPostprocessing = 0;
		};
		44D0F4601BB0418100895175 /* Frameworks */ = {
			isa = PBXFrameworksBuildPhase;
			buildActionMask = 2147483647;
			files = (
			);
			runOnlyForDeploymentPostprocessing = 0;
		};
		44D357ED1B9F6A1700B111D6 /* Frameworks */ = {
			isa = PBXFrameworksBuildPhase;
			buildActionMask = 2147483647;
			files = (
			);
			runOnlyForDeploymentPostprocessing = 0;
		};
/* End PBXFrameworksBuildPhase section */

/* Begin PBXGroup section */
		4410BDC11BAFDB7300912BD7 /* Task2_UITableView */ = {
			isa = PBXGroup;
			children = (
				4410BDC51BAFDB7300912BD7 /* DLSAppDelegate.h */,
				4410BDC61BAFDB7300912BD7 /* DLSAppDelegate.m */,
				4410BDD31BAFDB7300912BD7 /* Info.plist */,
				4410BDC31BAFDB7300912BD7 /* main.m */,
			);
			path = Task2_UITableView;
			sourceTree = "<group>";
		};
		4410BDF31BAFE0A800912BD7 /* DLSTableViewController */ = {
			isa = PBXGroup;
			children = (
				443B53D81BAFE89E00922534 /* DLSTableViewController.h */,
				443B53D91BAFE89E00922534 /* DLSTableViewController.m */,
				443B53DA1BAFE89E00922534 /* DLSTableViewController.xib */,
			);
			path = DLSTableViewController;
			sourceTree = "<group>";
		};
		443B53DD1BAFEB5A00922534 /* DLSClasses */ = {
			isa = PBXGroup;
			children = (
				44E3A5141BE1898600115880 /* DLSTableViewCell */,
				44E3A4F81BE1764B00115880 /* DLSAlphabet */,
				443B53DE1BAFEB9F00922534 /* DLSObservableObject */,
			);
			path = DLSClasses;
			sourceTree = "<group>";
		};
		443B53DE1BAFEB9F00922534 /* DLSObservableObject */ = {
			isa = PBXGroup;
			children = (
				443B53DF1BAFEBD500922534 /* DLSObservableObject.h */,
				443B53E01BAFEBD500922534 /* DLSObservableObject.m */,
			);
			path = DLSObservableObject;
			sourceTree = "<group>";
		};
		446811AB1BAAA4BB00A2BDA7 /* UIViewController+DLSExtentions */ = {
			isa = PBXGroup;
			children = (
				446811AC1BAAA4FF00A2BDA7 /* UIViewController+DLSExtentions.h */,
				446811AD1BAAA4FF00A2BDA7 /* UIViewController+DLSExtentions.m */,
			);
			path = "UIViewController+DLSExtentions";
			sourceTree = "<group>";
		};
		44CE6DA41BA8B1950098FCE8 /* DLSCategories */ = {
			isa = PBXGroup;
			children = (
				44E54F041BE2094E00CC939A /* NSString+DLSExtensions */,
				44D1AC751BB3DC00003144D7 /* UINib+DLSExtentions */,
				446811AB1BAAA4BB00A2BDA7 /* UIViewController+DLSExtentions */,
				44CE6DB71BA8BA8B0098FCE8 /* NSObject+DLSExtensions */,
				44CE6DB31BA8B6A60098FCE8 /* UIWindow+DLSExtensions */,
			);
			path = DLSCategories;
			sourceTree = "<group>";
		};
		44CE6DA51BA8B1D20098FCE8 /* DLSMacros */ = {
			isa = PBXGroup;
			children = (
				44CE6DA71BA8B25B0098FCE8 /* DLSMacros.h */,
			);
			path = DLSMacros;
			sourceTree = "<group>";
		};
		44CE6DA61BA8B1EB0098FCE8 /* DLSConstants */ = {
			isa = PBXGroup;
			children = (
				44CE6DA81BA8B2750098FCE8 /* DLSConstants.h */,
			);
			path = DLSConstants;
			sourceTree = "<group>";
		};
		44CE6DB31BA8B6A60098FCE8 /* UIWindow+DLSExtensions */ = {
			isa = PBXGroup;
			children = (
				44CE6DB41BA8B6D80098FCE8 /* UIWindow+DLSExtensions.h */,
				44CE6DB51BA8B6D80098FCE8 /* UIWindow+DLSExtensions.m */,
			);
			path = "UIWindow+DLSExtensions";
			sourceTree = "<group>";
		};
		44CE6DB71BA8BA8B0098FCE8 /* NSObject+DLSExtensions */ = {
			isa = PBXGroup;
			children = (
				44CE6DB81BA8BAD50098FCE8 /* NSObject+DLSExtensions.h */,
				44CE6DB91BA8BAD50098FCE8 /* NSObject+DLSExtensions.m */,
			);
			path = "NSObject+DLSExtensions";
			sourceTree = "<group>";
		};
		44D0F4561BB0416B00895175 /* Task1_SquareUITests */ = {
			isa = PBXGroup;
			children = (
				44D0F4571BB0416B00895175 /* Task1_SquareUITests.m */,
				44D0F4591BB0416B00895175 /* Info.plist */,
			);
			path = Task1_SquareUITests;
			sourceTree = "<group>";
		};
		44D0F4641BB0418100895175 /* Task2_UITableViewUITests */ = {
			isa = PBXGroup;
			children = (
				44D0F4651BB0418100895175 /* Task2_UITableViewUITests.m */,
				44D0F4671BB0418100895175 /* Info.plist */,
			);
			path = Task2_UITableViewUITests;
			sourceTree = "<group>";
		};
		44D1AC751BB3DC00003144D7 /* UINib+DLSExtentions */ = {
			isa = PBXGroup;
			children = (
				44D1AC761BB3DCAE003144D7 /* UINib+DLSExtentions.h */,
				44D1AC771BB3DCAE003144D7 /* UINib+DLSExtentions.m */,
			);
			path = "UINib+DLSExtentions";
			sourceTree = "<group>";
		};
		44D357E71B9F6A1700B111D6 = {
			isa = PBXGroup;
			children = (
				44D358211B9F758800B111D6 /* UIKitStudyPlan */,
				44D358191B9F6D2E00B111D6 /* Source */,
				44D3581D1B9F6ED700B111D6 /* Resources */,
				44D357F21B9F6A1700B111D6 /* Task1_Square */,
				4410BDC11BAFDB7300912BD7 /* Task2_UITableView */,
				44D0F4561BB0416B00895175 /* Task1_SquareUITests */,
				44D0F4641BB0418100895175 /* Task2_UITableViewUITests */,
				44D357F11B9F6A1700B111D6 /* Products */,
				D9BC48CF6225FFB3DF04AB21 /* Pods */,
				6B46A52A3C17485BCBF9744B /* Frameworks */,
			);
			sourceTree = "<group>";
		};
		44D357F11B9F6A1700B111D6 /* Products */ = {
			isa = PBXGroup;
			children = (
				44D357F01B9F6A1700B111D6 /* Task1_Square.app */,
				4410BDC01BAFDB7300912BD7 /* Task2_UITableView.app */,
				44D0F4551BB0416B00895175 /* Task1_SquareUITests.xctest */,
				44D0F4631BB0418100895175 /* Task2_UITableViewUITests.xctest */,
			);
			name = Products;
			sourceTree = "<group>";
		};
		44D357F21B9F6A1700B111D6 /* Task1_Square */ = {
			isa = PBXGroup;
			children = (
				44D357F71B9F6A1700B111D6 /* DLSAppDelegate.h */,
				44D357F81B9F6A1700B111D6 /* DLSAppDelegate.m */,
				44D357F41B9F6A1700B111D6 /* Info.plist */,
				44D357F51B9F6A1700B111D6 /* main.m */,
			);
			name = Task1_Square;
			path = DLSiOSProject;
			sourceTree = "<group>";
		};
		44D358191B9F6D2E00B111D6 /* Source */ = {
			isa = PBXGroup;
			children = (
				44D3581A1B9F6DDF00B111D6 /* Library */,
				44D3581B1B9F6E2000B111D6 /* Models */,
				44D3581C1B9F6E3600B111D6 /* UI */,
			);
			path = Source;
			sourceTree = "<group>";
		};
		44D3581A1B9F6DDF00B111D6 /* Library */ = {
			isa = PBXGroup;
			children = (
				443B53DD1BAFEB5A00922534 /* DLSClasses */,
				44CE6DA61BA8B1EB0098FCE8 /* DLSConstants */,
				44CE6DA51BA8B1D20098FCE8 /* DLSMacros */,
				44CE6DA41BA8B1950098FCE8 /* DLSCategories */,
			);
			path = Library;
			sourceTree = "<group>";
		};
		44D3581B1B9F6E2000B111D6 /* Models */ = {
			isa = PBXGroup;
			children = (
				44E3A5241BE19B8900115880 /* DLSImageModel */,
				44E3A5231BE19B6700115880 /* DLSUser */,
				44E3A51F1BE19A1200115880 /* DLSModel */,
				44E3A5201BE19A3E00115880 /* DLSArrayModel */,
				44E3A5211BE19A7500115880 /* DLSUserArrayModel */,
				44E3A5221BE19B0200115880 /* DLSChangeModel */,
			);
			path = Models;
			sourceTree = "<group>";
		};
		44D3581C1B9F6E3600B111D6 /* UI */ = {
			isa = PBXGroup;
			children = (
				44E3A5091BE17DAD00115880 /* Views */,
				44D3581F1B9F729800B111D6 /* DLSSquareViewController */,
				4410BDF31BAFE0A800912BD7 /* DLSTableViewController */,
			);
			path = UI;
			sourceTree = "<group>";
		};
		44D3581D1B9F6ED700B111D6 /* Resources */ = {
			isa = PBXGroup;
			children = (
				44D3581E1B9F6F5200B111D6 /* Images */,
				44D358021B9F6A1700B111D6 /* LaunchScreen.xib */,
				44D3583D1B9F935F00B111D6 /* Images.xcassets */,
			);
			path = Resources;
			sourceTree = "<group>";
		};
		44D3581E1B9F6F5200B111D6 /* Images */ = {
			isa = PBXGroup;
			children = (
			);
			path = Images;
			sourceTree = "<group>";
		};
		44D3581F1B9F729800B111D6 /* DLSSquareViewController */ = {
			isa = PBXGroup;
			children = (
				44D358311B9F8E0100B111D6 /* DLSSquareViewController.h */,
				44D358321B9F8E0100B111D6 /* DLSSquareViewController.m */,
				44D358331B9F8E0100B111D6 /* DLSSquareViewController.xib */,
			);
			name = DLSSquareViewController;
			path = DLSUserViewController;
			sourceTree = "<group>";
		};
		44D3582D1B9F8D2400B111D6 /* DLSSquareHolderView */ = {
			isa = PBXGroup;
			children = (
				44D358391B9F927300B111D6 /* DLSSquareHolderView.h */,
				44D3583A1B9F927300B111D6 /* DLSSquareHolderView.m */,
			);
			name = DLSSquareHolderView;
			path = DLSViewSquare;
			sourceTree = "<group>";
		};
		44E3A4F81BE1764B00115880 /* DLSAlphabet */ = {
			isa = PBXGroup;
			children = (
				44E3A4F91BE1772200115880 /* Private */,
				44E3A4FA1BE177DF00115880 /* DLSAlphabet.h */,
				44E3A4FB1BE177DF00115880 /* DLSAlphabet.m */,
			);
			path = DLSAlphabet;
			sourceTree = "<group>";
		};
		44E3A4F91BE1772200115880 /* Private */ = {
			isa = PBXGroup;
			children = (
				44E3A4FF1BE179A100115880 /* DLSAlphabetWithAlphabets */,
				44E3A4FE1BE1797300115880 /* DLSAlphabetWithRange */,
				44E3A4FD1BE1788700115880 /* DLSAlphabetWithStrings */,
			);
			path = Private;
			sourceTree = "<group>";
		};
		44E3A4FD1BE1788700115880 /* DLSAlphabetWithStrings */ = {
			isa = PBXGroup;
			children = (
				44E3A5061BE17A6600115880 /* DLSAlphabetWithStrings.h */,
				44E3A5071BE17A6600115880 /* DLSAlphabetWithStrings.m */,
			);
			name = DLSAlphabetWithStrings;
			path = DLSAlphabetWithString;
			sourceTree = "<group>";
		};
		44E3A4FE1BE1797300115880 /* DLSAlphabetWithRange */ = {
			isa = PBXGroup;
			children = (
				44E3A5031BE17A5000115880 /* DLSAlphabetWithRange.h */,
				44E3A5041BE17A5000115880 /* DLSAlphabetWithRange.m */,
			);
			path = DLSAlphabetWithRange;
			sourceTree = "<group>";
		};
		44E3A4FF1BE179A100115880 /* DLSAlphabetWithAlphabets */ = {
			isa = PBXGroup;
			children = (
				44E3A5001BE17A3900115880 /* DLSAlphabetWithAlphabets.h */,
				44E3A5011BE17A3900115880 /* DLSAlphabetWithAlphabets.m */,
			);
			path = DLSAlphabetWithAlphabets;
			sourceTree = "<group>";
		};
		44E3A5091BE17DAD00115880 /* Views */ = {
			isa = PBXGroup;
			children = (
				44E3A5371BE1A58D00115880 /* DLSView */,
				44E3A5381BE1A5AA00115880 /* DLSImageView */,
				44E3A5131BE188E800115880 /* DLSUserCell */,
				44E3A50A1BE17E3D00115880 /* DLSLoadingView */,
				44D3582D1B9F8D2400B111D6 /* DLSSquareHolderView */,
			);
			path = Views;
			sourceTree = "<group>";
		};
		44E3A50A1BE17E3D00115880 /* DLSLoadingView */ = {
			isa = PBXGroup;
			children = (
				44E3A5101BE17F8100115880 /* DLSLoadingView.h */,
				44E3A5111BE17F8100115880 /* DLSLoadingView.m */,
				44E3A50E1BE17F6D00115880 /* DLSLoadingView.xib */,
			);
			path = DLSLoadingView;
			sourceTree = "<group>";
		};
		44E3A5131BE188E800115880 /* DLSUserCell */ = {
			isa = PBXGroup;
			children = (
				44E3A5181BE18ACB00115880 /* DLSUserCell.h */,
				44E3A5191BE18ACB00115880 /* DLSUserCell.m */,
				44E3A51D1BE18CC200115880 /* DLSUserCell.xib */,
			);
			path = DLSUserCell;
			sourceTree = "<group>";
		};
		44E3A5141BE1898600115880 /* DLSTableViewCell */ = {
			isa = PBXGroup;
			children = (
				44E3A5151BE189D200115880 /* DLSTableViewCell.h */,
				44E3A5161BE189D200115880 /* DLSTableViewCell.m */,
			);
			path = DLSTableViewCell;
			sourceTree = "<group>";
		};
		44E3A51F1BE19A1200115880 /* DLSModel */ = {
			isa = PBXGroup;
			children = (
				44E3A5251BE19BF800115880 /* DLSModel.h */,
				44E3A5261BE19BF800115880 /* DLSModel.m */,
			);
			path = DLSModel;
			sourceTree = "<group>";
		};
		44E3A5201BE19A3E00115880 /* DLSArrayModel */ = {
			isa = PBXGroup;
			children = (
				44E3A5281BE19C2B00115880 /* DLSArrayModel.h */,
				44E3A5291BE19C2B00115880 /* DLSArrayModel.m */,
			);
			path = DLSArrayModel;
			sourceTree = "<group>";
		};
		44E3A5211BE19A7500115880 /* DLSUserArrayModel */ = {
			isa = PBXGroup;
			children = (
				44E3A52B1BE19C4E00115880 /* DLSUserArrayModel.h */,
				44E3A52C1BE19C4E00115880 /* DLSUserArrayModel.m */,
			);
			path = DLSUserArrayModel;
			sourceTree = "<group>";
		};
		44E3A5221BE19B0200115880 /* DLSChangeModel */ = {
			isa = PBXGroup;
			children = (
				44E3A52E1BE19C8C00115880 /* DLSChangeModel.h */,
				44E3A52F1BE19C8C00115880 /* DLSChangeModel.m */,
			);
			path = DLSChangeModel;
			sourceTree = "<group>";
		};
		44E3A5231BE19B6700115880 /* DLSUser */ = {
			isa = PBXGroup;
			children = (
				44E3A5311BE19EDE00115880 /* DLSUser.h */,
				44E3A5321BE19EDE00115880 /* DLSUser.m */,
			);
			path = DLSUser;
			sourceTree = "<group>";
		};
		44E3A5241BE19B8900115880 /* DLSImageModel */ = {
			isa = PBXGroup;
			children = (
				44E3A5341BE1A47100115880 /* DLSImageModel.h */,
				44E3A5351BE1A47100115880 /* DLSImageModel.m */,
			);
			path = DLSImageModel;
			sourceTree = "<group>";
		};
		44E3A5371BE1A58D00115880 /* DLSView */ = {
			isa = PBXGroup;
			children = (
				44E3A5391BE1A66000115880 /* DLSView.h */,
				44E3A53A1BE1A66000115880 /* DLSView.m */,
			);
			path = DLSView;
			sourceTree = "<group>";
		};
		44E3A5381BE1A5AA00115880 /* DLSImageView */ = {
			isa = PBXGroup;
			children = (
				44E3A53C1BE1A67B00115880 /* DLSImageView.h */,
				44E3A53D1BE1A67B00115880 /* DLSImageView.m */,
			);
			path = DLSImageView;
			sourceTree = "<group>";
		};
		44E54F041BE2094E00CC939A /* NSString+DLSExtensions */ = {
			isa = PBXGroup;
			children = (
				44E54F051BE209E700CC939A /* NSString+DLSExtensions.h */,
				44E54F061BE209E700CC939A /* NSString+DLSExtensions.m */,
			);
			path = "NSString+DLSExtensions";
			sourceTree = "<group>";
		};
		6B46A52A3C17485BCBF9744B /* Frameworks */ = {
			isa = PBXGroup;
			children = (
				6C1CD52294499A49585D4348 /* libPods-DLSiOSProjectTests.a */,
			);
			name = Frameworks;
			sourceTree = "<group>";
		};
		D9BC48CF6225FFB3DF04AB21 /* Pods */ = {
			isa = PBXGroup;
			children = (
				1EA679365432FA879AEBC945 /* Pods-DLSiOSProjectTests.debug.xcconfig */,
				BE77F5E4D0285693357AC05E /* Pods-DLSiOSProjectTests.release.xcconfig */,
			);
			name = Pods;
			sourceTree = "<group>";
		};
/* End PBXGroup section */

/* Begin PBXNativeTarget section */
		4410BDBF1BAFDB7300912BD7 /* Task2_UITableView */ = {
			isa = PBXNativeTarget;
			buildConfigurationList = 4410BDEA1BAFDB7400912BD7 /* Build configuration list for PBXNativeTarget "Task2_UITableView" */;
			buildPhases = (
				4410BDBC1BAFDB7300912BD7 /* Sources */,
				4410BDBD1BAFDB7300912BD7 /* Frameworks */,
				4410BDBE1BAFDB7300912BD7 /* Resources */,
			);
			buildRules = (
			);
			dependencies = (
			);
			name = Task2_UITableView;
			productName = Task2_UITableView;
			productReference = 4410BDC01BAFDB7300912BD7 /* Task2_UITableView.app */;
			productType = "com.apple.product-type.application";
		};
		44D0F4541BB0416B00895175 /* Task1_SquareUITests */ = {
			isa = PBXNativeTarget;
			buildConfigurationList = 44D0F45C1BB0416B00895175 /* Build configuration list for PBXNativeTarget "Task1_SquareUITests" */;
			buildPhases = (
				44D0F4511BB0416B00895175 /* Sources */,
				44D0F4521BB0416B00895175 /* Frameworks */,
				44D0F4531BB0416B00895175 /* Resources */,
			);
			buildRules = (
			);
			dependencies = (
				44D0F45B1BB0416B00895175 /* PBXTargetDependency */,
			);
			name = Task1_SquareUITests;
			productName = Task1_SquareUITests;
			productReference = 44D0F4551BB0416B00895175 /* Task1_SquareUITests.xctest */;
			productType = "com.apple.product-type.bundle.ui-testing";
		};
		44D0F4621BB0418100895175 /* Task2_UITableViewUITests */ = {
			isa = PBXNativeTarget;
			buildConfigurationList = 44D0F46A1BB0418100895175 /* Build configuration list for PBXNativeTarget "Task2_UITableViewUITests" */;
			buildPhases = (
				44D0F45F1BB0418100895175 /* Sources */,
				44D0F4601BB0418100895175 /* Frameworks */,
				44D0F4611BB0418100895175 /* Resources */,
			);
			buildRules = (
			);
			dependencies = (
				44D0F4691BB0418100895175 /* PBXTargetDependency */,
			);
			name = Task2_UITableViewUITests;
			productName = Task2_UITableViewUITests;
			productReference = 44D0F4631BB0418100895175 /* Task2_UITableViewUITests.xctest */;
			productType = "com.apple.product-type.bundle.ui-testing";
		};
		44D357EF1B9F6A1700B111D6 /* Task1_Square */ = {
			isa = PBXNativeTarget;
			buildConfigurationList = 44D358131B9F6A1700B111D6 /* Build configuration list for PBXNativeTarget "Task1_Square" */;
			buildPhases = (
				44D357EC1B9F6A1700B111D6 /* Sources */,
				44D357ED1B9F6A1700B111D6 /* Frameworks */,
				44D357EE1B9F6A1700B111D6 /* Resources */,
			);
			buildRules = (
			);
			dependencies = (
			);
			name = Task1_Square;
			productName = DLSiOSProject;
			productReference = 44D357F01B9F6A1700B111D6 /* Task1_Square.app */;
			productType = "com.apple.product-type.application";
		};
/* End PBXNativeTarget section */

/* Begin PBXProject section */
		44D357E81B9F6A1700B111D6 /* Project object */ = {
			isa = PBXProject;
			attributes = {
				CLASSPREFIX = DLS;
				LastUpgradeCheck = 0700;
				ORGANIZATIONNAME = IDAPGroupCollege;
				TargetAttributes = {
					4410BDBF1BAFDB7300912BD7 = {
						CreatedOnToolsVersion = 7.0;
						DevelopmentTeam = HW7VN657K2;
					};
					44D0F4541BB0416B00895175 = {
						CreatedOnToolsVersion = 7.0;
						DevelopmentTeam = HW7VN657K2;
						TestTargetID = 44D357EF1B9F6A1700B111D6;
					};
					44D0F4621BB0418100895175 = {
						CreatedOnToolsVersion = 7.0;
						DevelopmentTeam = HW7VN657K2;
						TestTargetID = 4410BDBF1BAFDB7300912BD7;
					};
					44D357EF1B9F6A1700B111D6 = {
						CreatedOnToolsVersion = 6.4;
						DevelopmentTeam = HW7VN657K2;
					};
				};
			};
			buildConfigurationList = 44D357EB1B9F6A1700B111D6 /* Build configuration list for PBXProject "DLSiOSProject" */;
			compatibilityVersion = "Xcode 6.3";
			developmentRegion = English;
			hasScannedForEncodings = 0;
			knownRegions = (
				en,
				Base,
			);
			mainGroup = 44D357E71B9F6A1700B111D6;
			productRefGroup = 44D357F11B9F6A1700B111D6 /* Products */;
			projectDirPath = "";
			projectRoot = "";
			targets = (
				44D357EF1B9F6A1700B111D6 /* Task1_Square */,
				4410BDBF1BAFDB7300912BD7 /* Task2_UITableView */,
				44D0F4541BB0416B00895175 /* Task1_SquareUITests */,
				44D0F4621BB0418100895175 /* Task2_UITableViewUITests */,
			);
		};
/* End PBXProject section */

/* Begin PBXResourcesBuildPhase section */
		4410BDBE1BAFDB7300912BD7 /* Resources */ = {
			isa = PBXResourcesBuildPhase;
			buildActionMask = 2147483647;
			files = (
				443B53DC1BAFE89E00922534 /* DLSTableViewController.xib in Resources */,
				44E3A50F1BE17F6D00115880 /* DLSLoadingView.xib in Resources */,
				44E3A51E1BE18CC200115880 /* DLSUserCell.xib in Resources */,
			);
			runOnlyForDeploymentPostprocessing = 0;
		};
		44D0F4531BB0416B00895175 /* Resources */ = {
			isa = PBXResourcesBuildPhase;
			buildActionMask = 2147483647;
			files = (
			);
			runOnlyForDeploymentPostprocessing = 0;
		};
		44D0F4611BB0418100895175 /* Resources */ = {
			isa = PBXResourcesBuildPhase;
			buildActionMask = 2147483647;
			files = (
			);
			runOnlyForDeploymentPostprocessing = 0;
		};
		44D357EE1B9F6A1700B111D6 /* Resources */ = {
			isa = PBXResourcesBuildPhase;
			buildActionMask = 2147483647;
			files = (
				44D358221B9F758800B111D6 /* UIKitStudyPlan in Resources */,
				44D3583F1B9F935F00B111D6 /* Images.xcassets in Resources */,
				44D358041B9F6A1700B111D6 /* LaunchScreen.xib in Resources */,
				44D358351B9F8E0100B111D6 /* DLSSquareViewController.xib in Resources */,
			);
			runOnlyForDeploymentPostprocessing = 0;
		};
/* End PBXResourcesBuildPhase section */

/* Begin PBXSourcesBuildPhase section */
		4410BDBC1BAFDB7300912BD7 /* Sources */ = {
			isa = PBXSourcesBuildPhase;
			buildActionMask = 2147483647;
			files = (
				44D1AC791BB3DCAE003144D7 /* UINib+DLSExtentions.m in Sources */,
				44E3A5171BE189D200115880 /* DLSTableViewCell.m in Sources */,
				44E3A5301BE19C8C00115880 /* DLSChangeModel.m in Sources */,
				443B53E41BAFEBF000922534 /* NSObject+DLSExtensions.m in Sources */,
				44E3A5121BE17F8100115880 /* DLSLoadingView.m in Sources */,
				44E3A4FC1BE177DF00115880 /* DLSAlphabet.m in Sources */,
				44E3A53B1BE1A66000115880 /* DLSView.m in Sources */,
				443B53E21BAFEBD500922534 /* DLSObservableObject.m in Sources */,
				443B53DB1BAFE89E00922534 /* DLSTableViewController.m in Sources */,
				44E54F081BE209E700CC939A /* NSString+DLSExtensions.m in Sources */,
				44E3A52A1BE19C2B00115880 /* DLSArrayModel.m in Sources */,
				4410BDC71BAFDB7300912BD7 /* DLSAppDelegate.m in Sources */,
				44E3A5051BE17A5000115880 /* DLSAlphabetWithRange.m in Sources */,
				44E3A5271BE19BF800115880 /* DLSModel.m in Sources */,
				443B53E31BAFEBEC00922534 /* UIViewController+DLSExtentions.m in Sources */,
				44E3A5361BE1A47100115880 /* DLSImageModel.m in Sources */,
				44E3A52D1BE19C4E00115880 /* DLSUserArrayModel.m in Sources */,
				44E3A5021BE17A3900115880 /* DLSAlphabetWithAlphabets.m in Sources */,
				44E3A5081BE17A6600115880 /* DLSAlphabetWithStrings.m in Sources */,
				44E3A51A1BE18ACB00115880 /* DLSUserCell.m in Sources */,
				44E3A53E1BE1A67B00115880 /* DLSImageView.m in Sources */,
				4410BDC41BAFDB7300912BD7 /* main.m in Sources */,
				44E3A5331BE19EDE00115880 /* DLSUser.m in Sources */,
				443B53E51BAFEBF500922534 /* UIWindow+DLSExtensions.m in Sources */,
			);
			runOnlyForDeploymentPostprocessing = 0;
		};
		44D0F4511BB0416B00895175 /* Sources */ = {
			isa = PBXSourcesBuildPhase;
			buildActionMask = 2147483647;
			files = (
				44D0F4581BB0416B00895175 /* Task1_SquareUITests.m in Sources */,
			);
			runOnlyForDeploymentPostprocessing = 0;
		};
		44D0F45F1BB0418100895175 /* Sources */ = {
			isa = PBXSourcesBuildPhase;
			buildActionMask = 2147483647;
			files = (
				44D0F4661BB0418100895175 /* Task2_UITableViewUITests.m in Sources */,
			);
			runOnlyForDeploymentPostprocessing = 0;
		};
		44D357EC1B9F6A1700B111D6 /* Sources */ = {
			isa = PBXSourcesBuildPhase;
			buildActionMask = 2147483647;
			files = (
				44CE6DB61BA8B6D80098FCE8 /* UIWindow+DLSExtensions.m in Sources */,
				44CE6DBA1BA8BAD50098FCE8 /* NSObject+DLSExtensions.m in Sources */,
				446811AE1BAAA4FF00A2BDA7 /* UIViewController+DLSExtentions.m in Sources */,
				44D357F91B9F6A1700B111D6 /* DLSAppDelegate.m in Sources */,
				44D3583B1B9F927300B111D6 /* DLSSquareHolderView.m in Sources */,
				44E54F071BE209E700CC939A /* NSString+DLSExtensions.m in Sources */,
				44D357F61B9F6A1700B111D6 /* main.m in Sources */,
				44D358341B9F8E0100B111D6 /* DLSSquareViewController.m in Sources */,
				44D1AC781BB3DCAE003144D7 /* UINib+DLSExtentions.m in Sources */,
				443B53E11BAFEBD500922534 /* DLSObservableObject.m in Sources */,
			);
			runOnlyForDeploymentPostprocessing = 0;
		};
/* End PBXSourcesBuildPhase section */

/* Begin PBXTargetDependency section */
		44D0F45B1BB0416B00895175 /* PBXTargetDependency */ = {
			isa = PBXTargetDependency;
			target = 44D357EF1B9F6A1700B111D6 /* Task1_Square */;
			targetProxy = 44D0F45A1BB0416B00895175 /* PBXContainerItemProxy */;
		};
		44D0F4691BB0418100895175 /* PBXTargetDependency */ = {
			isa = PBXTargetDependency;
			target = 4410BDBF1BAFDB7300912BD7 /* Task2_UITableView */;
			targetProxy = 44D0F4681BB0418100895175 /* PBXContainerItemProxy */;
		};
/* End PBXTargetDependency section */

/* Begin PBXVariantGroup section */
		44D358021B9F6A1700B111D6 /* LaunchScreen.xib */ = {
			isa = PBXVariantGroup;
			children = (
				44D358031B9F6A1700B111D6 /* Base */,
			);
			name = LaunchScreen.xib;
			sourceTree = "<group>";
		};
/* End PBXVariantGroup section */

/* Begin XCBuildConfiguration section */
		4410BDEB1BAFDB7400912BD7 /* Debug */ = {
			isa = XCBuildConfiguration;
			buildSettings = {
				ASSETCATALOG_COMPILER_APPICON_NAME = AppIcon;
				DEBUG_INFORMATION_FORMAT = dwarf;
				INFOPLIST_FILE = Task2_UITableView/Info.plist;
				IPHONEOS_DEPLOYMENT_TARGET = 8.4;
				LD_RUNPATH_SEARCH_PATHS = "$(inherited) @executable_path/Frameworks";
				PRODUCT_BUNDLE_IDENTIFIER = "com.idapgroup.college.c.Task2-UITableView";
				PRODUCT_NAME = "$(TARGET_NAME)";
			};
			name = Debug;
		};
		4410BDEC1BAFDB7400912BD7 /* Release */ = {
			isa = XCBuildConfiguration;
			buildSettings = {
				ASSETCATALOG_COMPILER_APPICON_NAME = AppIcon;
				INFOPLIST_FILE = Task2_UITableView/Info.plist;
				IPHONEOS_DEPLOYMENT_TARGET = 8.4;
				LD_RUNPATH_SEARCH_PATHS = "$(inherited) @executable_path/Frameworks";
				PRODUCT_BUNDLE_IDENTIFIER = "com.idapgroup.college.c.Task2-UITableView";
				PRODUCT_NAME = "$(TARGET_NAME)";
			};
			name = Release;
		};
		44D0F45D1BB0416B00895175 /* Debug */ = {
			isa = XCBuildConfiguration;
			buildSettings = {
				DEBUG_INFORMATION_FORMAT = dwarf;
				INFOPLIST_FILE = Task1_SquareUITests/Info.plist;
				IPHONEOS_DEPLOYMENT_TARGET = 8.4;
				LD_RUNPATH_SEARCH_PATHS = "$(inherited) @executable_path/Frameworks @loader_path/Frameworks";
				PRODUCT_BUNDLE_IDENTIFIER = "com.idapgroup.college.c.Task1-SquareUITests";
				PRODUCT_NAME = "$(TARGET_NAME)";
				TEST_TARGET_NAME = Task1_Square;
				USES_XCTRUNNER = YES;
			};
			name = Debug;
		};
		44D0F45E1BB0416B00895175 /* Release */ = {
			isa = XCBuildConfiguration;
			buildSettings = {
				INFOPLIST_FILE = Task1_SquareUITests/Info.plist;
				IPHONEOS_DEPLOYMENT_TARGET = 8.4;
				LD_RUNPATH_SEARCH_PATHS = "$(inherited) @executable_path/Frameworks @loader_path/Frameworks";
				PRODUCT_BUNDLE_IDENTIFIER = "com.idapgroup.college.c.Task1-SquareUITests";
				PRODUCT_NAME = "$(TARGET_NAME)";
				TEST_TARGET_NAME = Task1_Square;
				USES_XCTRUNNER = YES;
			};
			name = Release;
		};
		44D0F46B1BB0418100895175 /* Debug */ = {
			isa = XCBuildConfiguration;
			buildSettings = {
				DEBUG_INFORMATION_FORMAT = dwarf;
				INFOPLIST_FILE = Task2_UITableViewUITests/Info.plist;
				IPHONEOS_DEPLOYMENT_TARGET = 8.4;
				LD_RUNPATH_SEARCH_PATHS = "$(inherited) @executable_path/Frameworks @loader_path/Frameworks";
				PRODUCT_BUNDLE_IDENTIFIER = "com.idapgroup.college.c.Task2-UITableViewUITests";
				PRODUCT_NAME = "$(TARGET_NAME)";
				TEST_TARGET_NAME = Task2_UITableView;
				USES_XCTRUNNER = YES;
			};
			name = Debug;
		};
		44D0F46C1BB0418100895175 /* Release */ = {
			isa = XCBuildConfiguration;
			buildSettings = {
				INFOPLIST_FILE = Task2_UITableViewUITests/Info.plist;
				IPHONEOS_DEPLOYMENT_TARGET = 8.4;
				LD_RUNPATH_SEARCH_PATHS = "$(inherited) @executable_path/Frameworks @loader_path/Frameworks";
				PRODUCT_BUNDLE_IDENTIFIER = "com.idapgroup.college.c.Task2-UITableViewUITests";
				PRODUCT_NAME = "$(TARGET_NAME)";
				TEST_TARGET_NAME = Task2_UITableView;
				USES_XCTRUNNER = YES;
			};
			name = Release;
		};
		44D358111B9F6A1700B111D6 /* Debug */ = {
			isa = XCBuildConfiguration;
			buildSettings = {
				ALWAYS_SEARCH_USER_PATHS = NO;
				CLANG_CXX_LANGUAGE_STANDARD = "gnu++0x";
				CLANG_CXX_LIBRARY = "libc++";
				CLANG_ENABLE_MODULES = YES;
				CLANG_ENABLE_OBJC_ARC = YES;
				CLANG_WARN_BOOL_CONVERSION = YES;
				CLANG_WARN_CONSTANT_CONVERSION = YES;
				CLANG_WARN_DIRECT_OBJC_ISA_USAGE = YES_ERROR;
				CLANG_WARN_EMPTY_BODY = YES;
				CLANG_WARN_ENUM_CONVERSION = YES;
				CLANG_WARN_INT_CONVERSION = YES;
				CLANG_WARN_OBJC_ROOT_CLASS = YES_ERROR;
				CLANG_WARN_UNREACHABLE_CODE = YES;
				CLANG_WARN__DUPLICATE_METHOD_MATCH = YES;
				"CODE_SIGN_IDENTITY[sdk=iphoneos*]" = "iPhone Developer";
				COPY_PHASE_STRIP = NO;
				DEBUG_INFORMATION_FORMAT = "dwarf-with-dsym";
				ENABLE_STRICT_OBJC_MSGSEND = YES;
				ENABLE_TESTABILITY = YES;
				GCC_C_LANGUAGE_STANDARD = gnu99;
				GCC_DYNAMIC_NO_PIC = NO;
				GCC_NO_COMMON_BLOCKS = YES;
				GCC_OPTIMIZATION_LEVEL = 0;
				GCC_PREPROCESSOR_DEFINITIONS = (
					"DEBUG=1",
					"$(inherited)",
				);
				GCC_SYMBOLS_PRIVATE_EXTERN = NO;
				GCC_WARN_64_TO_32_BIT_CONVERSION = YES;
				GCC_WARN_ABOUT_RETURN_TYPE = YES_ERROR;
				GCC_WARN_UNDECLARED_SELECTOR = YES;
				GCC_WARN_UNINITIALIZED_AUTOS = YES_AGGRESSIVE;
				GCC_WARN_UNUSED_FUNCTION = YES;
				GCC_WARN_UNUSED_VARIABLE = YES;
				IPHONEOS_DEPLOYMENT_TARGET = 8.4;
				MTL_ENABLE_DEBUG_INFO = YES;
				ONLY_ACTIVE_ARCH = YES;
				SDKROOT = iphoneos;
			};
			name = Debug;
		};
		44D358121B9F6A1700B111D6 /* Release */ = {
			isa = XCBuildConfiguration;
			buildSettings = {
				ALWAYS_SEARCH_USER_PATHS = NO;
				CLANG_CXX_LANGUAGE_STANDARD = "gnu++0x";
				CLANG_CXX_LIBRARY = "libc++";
				CLANG_ENABLE_MODULES = YES;
				CLANG_ENABLE_OBJC_ARC = YES;
				CLANG_WARN_BOOL_CONVERSION = YES;
				CLANG_WARN_CONSTANT_CONVERSION = YES;
				CLANG_WARN_DIRECT_OBJC_ISA_USAGE = YES_ERROR;
				CLANG_WARN_EMPTY_BODY = YES;
				CLANG_WARN_ENUM_CONVERSION = YES;
				CLANG_WARN_INT_CONVERSION = YES;
				CLANG_WARN_OBJC_ROOT_CLASS = YES_ERROR;
				CLANG_WARN_UNREACHABLE_CODE = YES;
				CLANG_WARN__DUPLICATE_METHOD_MATCH = YES;
				"CODE_SIGN_IDENTITY[sdk=iphoneos*]" = "iPhone Developer";
				COPY_PHASE_STRIP = NO;
				DEBUG_INFORMATION_FORMAT = "dwarf-with-dsym";
				ENABLE_NS_ASSERTIONS = NO;
				ENABLE_STRICT_OBJC_MSGSEND = YES;
				GCC_C_LANGUAGE_STANDARD = gnu99;
				GCC_NO_COMMON_BLOCKS = YES;
				GCC_WARN_64_TO_32_BIT_CONVERSION = YES;
				GCC_WARN_ABOUT_RETURN_TYPE = YES_ERROR;
				GCC_WARN_UNDECLARED_SELECTOR = YES;
				GCC_WARN_UNINITIALIZED_AUTOS = YES_AGGRESSIVE;
				GCC_WARN_UNUSED_FUNCTION = YES;
				GCC_WARN_UNUSED_VARIABLE = YES;
				IPHONEOS_DEPLOYMENT_TARGET = 8.4;
				MTL_ENABLE_DEBUG_INFO = NO;
				SDKROOT = iphoneos;
				VALIDATE_PRODUCT = YES;
			};
			name = Release;
		};
		44D358141B9F6A1700B111D6 /* Debug */ = {
			isa = XCBuildConfiguration;
			buildSettings = {
				ASSETCATALOG_COMPILER_APPICON_NAME = AppIcon;
				CODE_SIGN_IDENTITY = "iPhone Developer";
				"CODE_SIGN_IDENTITY[sdk=iphoneos*]" = "iPhone Developer";
				INFOPLIST_FILE = DLSiOSProject/Info.plist;
				IPHONEOS_DEPLOYMENT_TARGET = 8.4;
				LD_RUNPATH_SEARCH_PATHS = "$(inherited) @executable_path/Frameworks";
				PRODUCT_BUNDLE_IDENTIFIER = "com.idapgroup.college.c.$(PRODUCT_NAME:rfc1034identifier)";
				PRODUCT_NAME = "$(TARGET_NAME)";
				PROVISIONING_PROFILE = "";
			};
			name = Debug;
		};
		44D358151B9F6A1700B111D6 /* Release */ = {
			isa = XCBuildConfiguration;
			buildSettings = {
				ASSETCATALOG_COMPILER_APPICON_NAME = AppIcon;
				CODE_SIGN_IDENTITY = "iPhone Developer";
				"CODE_SIGN_IDENTITY[sdk=iphoneos*]" = "iPhone Developer";
				INFOPLIST_FILE = DLSiOSProject/Info.plist;
				IPHONEOS_DEPLOYMENT_TARGET = 8.4;
				LD_RUNPATH_SEARCH_PATHS = "$(inherited) @executable_path/Frameworks";
				PRODUCT_BUNDLE_IDENTIFIER = "com.idapgroup.college.c.$(PRODUCT_NAME:rfc1034identifier)";
				PRODUCT_NAME = "$(TARGET_NAME)";
				PROVISIONING_PROFILE = "";
			};
			name = Release;
		};
/* End XCBuildConfiguration section */

/* Begin XCConfigurationList section */
		4410BDEA1BAFDB7400912BD7 /* Build configuration list for PBXNativeTarget "Task2_UITableView" */ = {
			isa = XCConfigurationList;
			buildConfigurations = (
				4410BDEB1BAFDB7400912BD7 /* Debug */,
				4410BDEC1BAFDB7400912BD7 /* Release */,
			);
			defaultConfigurationIsVisible = 0;
			defaultConfigurationName = Release;
		};
		44D0F45C1BB0416B00895175 /* Build configuration list for PBXNativeTarget "Task1_SquareUITests" */ = {
			isa = XCConfigurationList;
			buildConfigurations = (
				44D0F45D1BB0416B00895175 /* Debug */,
				44D0F45E1BB0416B00895175 /* Release */,
			);
			defaultConfigurationIsVisible = 0;
			defaultConfigurationName = Release;
		};
		44D0F46A1BB0418100895175 /* Build configuration list for PBXNativeTarget "Task2_UITableViewUITests" */ = {
			isa = XCConfigurationList;
			buildConfigurations = (
				44D0F46B1BB0418100895175 /* Debug */,
				44D0F46C1BB0418100895175 /* Release */,
			);
			defaultConfigurationIsVisible = 0;
			defaultConfigurationName = Release;
		};
		44D357EB1B9F6A1700B111D6 /* Build configuration list for PBXProject "DLSiOSProject" */ = {
			isa = XCConfigurationList;
			buildConfigurations = (
				44D358111B9F6A1700B111D6 /* Debug */,
				44D358121B9F6A1700B111D6 /* Release */,
			);
			defaultConfigurationIsVisible = 0;
			defaultConfigurationName = Release;
		};
		44D358131B9F6A1700B111D6 /* Build configuration list for PBXNativeTarget "Task1_Square" */ = {
			isa = XCConfigurationList;
			buildConfigurations = (
				44D358141B9F6A1700B111D6 /* Debug */,
				44D358151B9F6A1700B111D6 /* Release */,
			);
			defaultConfigurationIsVisible = 0;
			defaultConfigurationName = Release;
		};
/* End XCConfigurationList section */
	};
	rootObject = 44D357E81B9F6A1700B111D6 /* Project object */;
}
