// !$*UTF8*$!
{
	archiveVersion = 1;
	classes = {
	};
	objectVersion = 46;
	objects = {

/* Begin PBXBuildFile section */
		440BA2B41AFA80DE00790A82 /* main.c in Sources */ = {isa = PBXBuildFile; fileRef = 440BA2B31AFA80DE00790A82 /* main.c */; };
		440BA2B91AFA81BD00790A82 /* DSPrintSizeOfType.c in Sources */ = {isa = PBXBuildFile; fileRef = 440BA2B71AFA81BD00790A82 /* DSPrintSizeOfType.c */; };
		440BA2BC1AFA81D500790A82 /* DSParentsSelect.c in Sources */ = {isa = PBXBuildFile; fileRef = 440BA2BA1AFA81D500790A82 /* DSParentsSelect.c */; };
		44D47D761AFF7FA400AA5792 /* DSParentsOutput.c in Sources */ = {isa = PBXBuildFile; fileRef = 44D47D741AFF7FA400AA5792 /* DSParentsOutput.c */; };
/* End PBXBuildFile section */

/* Begin PBXCopyFilesBuildPhase section */
		440BA2A51AFA7B8600790A82 /* CopyFiles */ = {
			isa = PBXCopyFilesBuildPhase;
			buildActionMask = 2147483647;
			dstPath = /usr/share/man/man1/;
			dstSubfolderSpec = 0;
			files = (
			);
			runOnlyForDeploymentPostprocessing = 1;
		};
/* End PBXCopyFilesBuildPhase section */

/* Begin PBXFileReference section */
		440BA2A71AFA7B8600790A82 /* DSHomeWork */ = {isa = PBXFileReference; explicitFileType = "compiled.mach-o.executable"; includeInIndex = 0; path = DSHomeWork; sourceTree = BUILT_PRODUCTS_DIR; };
		440BA2B31AFA80DE00790A82 /* main.c */ = {isa = PBXFileReference; fileEncoding = 4; lastKnownFileType = sourcecode.c.c; path = main.c; sourceTree = "<group>"; };
		440BA2B71AFA81BD00790A82 /* DSPrintSizeOfType.c */ = {isa = PBXFileReference; fileEncoding = 4; lastKnownFileType = sourcecode.c.c; path = DSPrintSizeOfType.c; sourceTree = "<group>"; };
		440BA2B81AFA81BD00790A82 /* DSPrintSizeOfType.h */ = {isa = PBXFileReference; fileEncoding = 4; lastKnownFileType = sourcecode.c.h; path = DSPrintSizeOfType.h; sourceTree = "<group>"; };
		440BA2BA1AFA81D500790A82 /* DSParentsSelect.c */ = {isa = PBXFileReference; fileEncoding = 4; lastKnownFileType = sourcecode.c.c; path = DSParentsSelect.c; sourceTree = "<group>"; };
		440BA2BB1AFA81D500790A82 /* DSParentsSelect.h */ = {isa = PBXFileReference; fileEncoding = 4; lastKnownFileType = sourcecode.c.h; path = DSParentsSelect.h; sourceTree = "<group>"; };
		44D47D741AFF7FA400AA5792 /* DSParentsOutput.c */ = {isa = PBXFileReference; fileEncoding = 4; lastKnownFileType = sourcecode.c.c; path = DSParentsOutput.c; sourceTree = "<group>"; };
		44D47D751AFF7FA400AA5792 /* DSParentsOutput.h */ = {isa = PBXFileReference; fileEncoding = 4; lastKnownFileType = sourcecode.c.h; path = DSParentsOutput.h; sourceTree = "<group>"; };
/* End PBXFileReference section */

/* Begin PBXFrameworksBuildPhase section */
		440BA2A41AFA7B8600790A82 /* Frameworks */ = {
			isa = PBXFrameworksBuildPhase;
			buildActionMask = 2147483647;
			files = (
			);
			runOnlyForDeploymentPostprocessing = 0;
		};
/* End PBXFrameworksBuildPhase section */

/* Begin PBXGroup section */
		440BA29E1AFA7B8600790A82 = {
			isa = PBXGroup;
			children = (
				440BA2A91AFA7B8600790A82 /* DSHomeWork */,
				440BA2B21AFA808500790A82 /* Tests */,
				440BA2A81AFA7B8600790A82 /* Products */,
			);
			sourceTree = "<group>";
		};
		440BA2A81AFA7B8600790A82 /* Products */ = {
			isa = PBXGroup;
			children = (
				440BA2A71AFA7B8600790A82 /* DSHomeWork */,
			);
			name = Products;
			sourceTree = "<group>";
		};
		440BA2A91AFA7B8600790A82 /* DSHomeWork */ = {
			isa = PBXGroup;
			children = (
				440BA2B11AFA805C00790A82 /* Source */,
			);
			path = DSHomeWork;
			sourceTree = "<group>";
		};
		440BA2B11AFA805C00790A82 /* Source */ = {
			isa = PBXGroup;
			children = (
				440BA2B61AFA819800790A82 /* DSParentsSelect */,
				440BA2B51AFA815800790A82 /* DSPrintSizeOfType */,
				440BA2B31AFA80DE00790A82 /* main.c */,
			);
			path = Source;
			sourceTree = "<group>";
		};
		440BA2B21AFA808500790A82 /* Tests */ = {
			isa = PBXGroup;
			children = (
				44D47D731AFF7F6800AA5792 /* DSParentsOutput */,
			);
			name = Tests;
			path = DSHomeWork/Tests;
			sourceTree = "<group>";
		};
		440BA2B51AFA815800790A82 /* DSPrintSizeOfType */ = {
			isa = PBXGroup;
			children = (
				440BA2B71AFA81BD00790A82 /* DSPrintSizeOfType.c */,
				440BA2B81AFA81BD00790A82 /* DSPrintSizeOfType.h */,
			);
			path = DSPrintSizeOfType;
			sourceTree = "<group>";
		};
		440BA2B61AFA819800790A82 /* DSParentsSelect */ = {
			isa = PBXGroup;
			children = (
				440BA2BA1AFA81D500790A82 /* DSParentsSelect.c */,
				440BA2BB1AFA81D500790A82 /* DSParentsSelect.h */,
			);
			path = DSParentsSelect;
			sourceTree = "<group>";
		};
		44D47D731AFF7F6800AA5792 /* DSParentsOutput */ = {
			isa = PBXGroup;
			children = (
				44D47D741AFF7FA400AA5792 /* DSParentsOutput.c */,
				44D47D751AFF7FA400AA5792 /* DSParentsOutput.h */,
			);
			path = DSParentsOutput;
			sourceTree = "<group>";
		};
/* End PBXGroup section */

/* Begin PBXNativeTarget section */
		440BA2A61AFA7B8600790A82 /* DSHomeWork */ = {
			isa = PBXNativeTarget;
			buildConfigurationList = 440BA2AE1AFA7B8600790A82 /* Build configuration list for PBXNativeTarget "DSHomeWork" */;
			buildPhases = (
				440BA2A31AFA7B8600790A82 /* Sources */,
				440BA2A41AFA7B8600790A82 /* Frameworks */,
				440BA2A51AFA7B8600790A82 /* CopyFiles */,
			);
			buildRules = (
			);
			dependencies = (
			);
			name = DSHomeWork;
			productName = DSHomeWork;
			productReference = 440BA2A71AFA7B8600790A82 /* DSHomeWork */;
			productType = "com.apple.product-type.tool";
		};
/* End PBXNativeTarget section */

/* Begin PBXProject section */
		440BA29F1AFA7B8600790A82 /* Project object */ = {
			isa = PBXProject;
			attributes = {
				LastUpgradeCheck = 0630;
				ORGANIZATIONNAME = IDAPGroupCollege;
				TargetAttributes = {
					440BA2A61AFA7B8600790A82 = {
						CreatedOnToolsVersion = 6.3.1;
					};
				};
			};
			buildConfigurationList = 440BA2A21AFA7B8600790A82 /* Build configuration list for PBXProject "DSHomeWork" */;
			compatibilityVersion = "Xcode 3.2";
			developmentRegion = English;
			hasScannedForEncodings = 0;
			knownRegions = (
				en,
			);
			mainGroup = 440BA29E1AFA7B8600790A82;
			productRefGroup = 440BA2A81AFA7B8600790A82 /* Products */;
			projectDirPath = "";
			projectRoot = "";
			targets = (
				440BA2A61AFA7B8600790A82 /* DSHomeWork */,
			);
		};
/* End PBXProject section */

/* Begin PBXSourcesBuildPhase section */
		440BA2A31AFA7B8600790A82 /* Sources */ = {
			isa = PBXSourcesBuildPhase;
			buildActionMask = 2147483647;
			files = (
				440BA2BC1AFA81D500790A82 /* DSParentsSelect.c in Sources */,
				440BA2B91AFA81BD00790A82 /* DSPrintSizeOfType.c in Sources */,
				440BA2B41AFA80DE00790A82 /* main.c in Sources */,
				44D47D761AFF7FA400AA5792 /* DSParentsOutput.c in Sources */,
			);
			runOnlyForDeploymentPostprocessing = 0;
		};
/* End PBXSourcesBuildPhase section */

/* Begin XCBuildConfiguration section */
		440BA2AC1AFA7B8600790A82 /* Debug */ = {
			isa = XCBuildConfiguration;
			buildSettings = {
				ALWAYS_SEARCH_USER_PATHS = NO;
				CLANG_CXX_LANGUAGE_STANDARD = "gnu++0x";
				CLANG_CXX_LIBRARY = "libc++";
				CLANG_ENABLE_MODULES = YES;
				CLANG_ENABLE_OBJC_ARC = YES;
				CLANG_WARN_BOOL_CONVERSION = YES;
				CLANG_WARN_CONSTANT_CONVERSION = YES;
				CLANG_WARN_DIRECT_OBJC_ISA_USAGE = YES_ERROR;
				CLANG_WARN_EMPTY_BODY = YES;
				CLANG_WARN_ENUM_CONVERSION = YES;
				CLANG_WARN_INT_CONVERSION = YES;
				CLANG_WARN_OBJC_ROOT_CLASS = YES_ERROR;
				CLANG_WARN_UNREACHABLE_CODE = YES;
				CLANG_WARN__DUPLICATE_METHOD_MATCH = YES;
				COPY_PHASE_STRIP = NO;
				DEBUG_INFORMATION_FORMAT = dwarf;
				ENABLE_STRICT_OBJC_MSGSEND = YES;
				GCC_C_LANGUAGE_STANDARD = gnu99;
				GCC_DYNAMIC_NO_PIC = NO;
				GCC_NO_COMMON_BLOCKS = YES;
				GCC_OPTIMIZATION_LEVEL = 0;
				GCC_PREPROCESSOR_DEFINITIONS = (
					"DEBUG=1",
					"$(inherited)",
				);
				GCC_SYMBOLS_PRIVATE_EXTERN = NO;
				GCC_WARN_64_TO_32_BIT_CONVERSION = YES;
				GCC_WARN_ABOUT_RETURN_TYPE = YES_ERROR;
				GCC_WARN_UNDECLARED_SELECTOR = YES;
				GCC_WARN_UNINITIALIZED_AUTOS = YES_AGGRESSIVE;
				GCC_WARN_UNUSED_FUNCTION = YES;
				GCC_WARN_UNUSED_VARIABLE = YES;
				MACOSX_DEPLOYMENT_TARGET = 10.10;
				MTL_ENABLE_DEBUG_INFO = YES;
				ONLY_ACTIVE_ARCH = YES;
				SDKROOT = macosx;
			};
			name = Debug;
		};
		440BA2AD1AFA7B8600790A82 /* Release */ = {
			isa = XCBuildConfiguration;
			buildSettings = {
				ALWAYS_SEARCH_USER_PATHS = NO;
				CLANG_CXX_LANGUAGE_STANDARD = "gnu++0x";
				CLANG_CXX_LIBRARY = "libc++";
				CLANG_ENABLE_MODULES = YES;
				CLANG_ENABLE_OBJC_ARC = YES;
				CLANG_WARN_BOOL_CONVERSION = YES;
				CLANG_WARN_CONSTANT_CONVERSION = YES;
				CLANG_WARN_DIRECT_OBJC_ISA_USAGE = YES_ERROR;
				CLANG_WARN_EMPTY_BODY = YES;
				CLANG_WARN_ENUM_CONVERSION = YES;
				CLANG_WARN_INT_CONVERSION = YES;
				CLANG_WARN_OBJC_ROOT_CLASS = YES_ERROR;
				CLANG_WARN_UNREACHABLE_CODE = YES;
				CLANG_WARN__DUPLICATE_METHOD_MATCH = YES;
				COPY_PHASE_STRIP = NO;
				DEBUG_INFORMATION_FORMAT = "dwarf-with-dsym";
				ENABLE_NS_ASSERTIONS = NO;
				ENABLE_STRICT_OBJC_MSGSEND = YES;
				GCC_C_LANGUAGE_STANDARD = gnu99;
				GCC_NO_COMMON_BLOCKS = YES;
				GCC_WARN_64_TO_32_BIT_CONVERSION = YES;
				GCC_WARN_ABOUT_RETURN_TYPE = YES_ERROR;
				GCC_WARN_UNDECLARED_SELECTOR = YES;
				GCC_WARN_UNINITIALIZED_AUTOS = YES_AGGRESSIVE;
				GCC_WARN_UNUSED_FUNCTION = YES;
				GCC_WARN_UNUSED_VARIABLE = YES;
				MACOSX_DEPLOYMENT_TARGET = 10.10;
				MTL_ENABLE_DEBUG_INFO = NO;
				SDKROOT = macosx;
			};
			name = Release;
		};
		440BA2AF1AFA7B8600790A82 /* Debug */ = {
			isa = XCBuildConfiguration;
			buildSettings = {
				PRODUCT_NAME = "$(TARGET_NAME)";
			};
			name = Debug;
		};
		440BA2B01AFA7B8600790A82 /* Release */ = {
			isa = XCBuildConfiguration;
			buildSettings = {
				PRODUCT_NAME = "$(TARGET_NAME)";
			};
			name = Release;
		};
/* End XCBuildConfiguration section */

/* Begin XCConfigurationList section */
		440BA2A21AFA7B8600790A82 /* Build configuration list for PBXProject "DSHomeWork" */ = {
			isa = XCConfigurationList;
			buildConfigurations = (
				440BA2AC1AFA7B8600790A82 /* Debug */,
				440BA2AD1AFA7B8600790A82 /* Release */,
			);
			defaultConfigurationIsVisible = 0;
			defaultConfigurationName = Release;
		};
		440BA2AE1AFA7B8600790A82 /* Build configuration list for PBXNativeTarget "DSHomeWork" */ = {
			isa = XCConfigurationList;
			buildConfigurations = (
				440BA2AF1AFA7B8600790A82 /* Debug */,
				440BA2B01AFA7B8600790A82 /* Release */,
			);
			defaultConfigurationIsVisible = 0;
			defaultConfigurationName = Release;
		};
/* End XCConfigurationList section */
	};
	rootObject = 440BA29F1AFA7B8600790A82 /* Project object */;
}
