// !$*UTF8*$!
{
	archiveVersion = 1;
	classes = {
	};
	objectVersion = 46;
	objects = {

/* Begin PBXBuildFile section */
		440BA2B41AFA80DE00790A82 /* main.c in Sources */ = {isa = PBXBuildFile; fileRef = 440BA2B31AFA80DE00790A82 /* main.c */; };
		440BA2B91AFA81BD00790A82 /* DSPrintSizeOfType.c in Sources */ = {isa = PBXBuildFile; fileRef = 440BA2B71AFA81BD00790A82 /* DSPrintSizeOfType.c */; };
		440BA2BC1AFA81D500790A82 /* DSParentsSelect.c in Sources */ = {isa = PBXBuildFile; fileRef = 440BA2BA1AFA81D500790A82 /* DSParentsSelect.c */; };
		44327CE81B1512F6006BAEED /* DSBitOutput.c in Sources */ = {isa = PBXBuildFile; fileRef = 44327CE61B1512F6006BAEED /* DSBitOutput.c */; };
		44327CEC1B151439006BAEED /* DSBitOutputTest.c in Sources */ = {isa = PBXBuildFile; fileRef = 44327CEA1B151439006BAEED /* DSBitOutputTest.c */; };
		44327CF01B151551006BAEED /* DSArray.c in Sources */ = {isa = PBXBuildFile; fileRef = 44327CEE1B151551006BAEED /* DSArray.c */; };
		44327CF41B15157F006BAEED /* DSString.c in Sources */ = {isa = PBXBuildFile; fileRef = 44327CF21B15157F006BAEED /* DSString.c */; };
		44327CF81B1515BB006BAEED /* DSArrayTests.c in Sources */ = {isa = PBXBuildFile; fileRef = 44327CF61B1515BB006BAEED /* DSArrayTests.c */; };
		44327CFC1B1515E7006BAEED /* DSStringTests.c in Sources */ = {isa = PBXBuildFile; fileRef = 44327CFA1B1515E7006BAEED /* DSStringTests.c */; };
		449DC5CA1B01248D00F162C2 /* DSStructuresTest.c in Sources */ = {isa = PBXBuildFile; fileRef = 449DC5C71B01248D00F162C2 /* DSStructuresTest.c */; };
		44D002D71B0A679B00DD1187 /* main.c in Sources */ = {isa = PBXBuildFile; fileRef = 44D002D61B0A679B00DD1187 /* main.c */; };
		44D002DF1B0A688500DD1187 /* DSHuman.c in Sources */ = {isa = PBXBuildFile; fileRef = 44D002DD1B0A688400DD1187 /* DSHuman.c */; };
		44D083441B393641008A6C6F /* DSAutoreleaseStack.c in Sources */ = {isa = PBXBuildFile; fileRef = 44D083421B393641008A6C6F /* DSAutoreleaseStack.c */; };
		44D083471B393653008A6C6F /* DSLinkedListNode.c in Sources */ = {isa = PBXBuildFile; fileRef = 44D083451B393653008A6C6F /* DSLinkedListNode.c */; };
		44D0834A1B393666008A6C6F /* DSLinkedListEnumerator.c in Sources */ = {isa = PBXBuildFile; fileRef = 44D083481B393666008A6C6F /* DSLinkedListEnumerator.c */; };
		44D0834D1B393676008A6C6F /* DSLinkedList.c in Sources */ = {isa = PBXBuildFile; fileRef = 44D0834B1B393676008A6C6F /* DSLinkedList.c */; };
		44D083501B393688008A6C6F /* DSAutoreleasePool.c in Sources */ = {isa = PBXBuildFile; fileRef = 44D0834E1B393688008A6C6F /* DSAutoreleasePool.c */; };
		44D0BCA91B3A7F9C00EE394F /* DSLinkedNodeTests.c in Sources */ = {isa = PBXBuildFile; fileRef = 44D0BCA71B3A7F9C00EE394F /* DSLinkedNodeTests.c */; };
		44D0BCAC1B3A805500EE394F /* DSLinkedListTests.c in Sources */ = {isa = PBXBuildFile; fileRef = 44D0BCAA1B3A805500EE394F /* DSLinkedListTests.c */; };
		44D0BCAF1B3A806600EE394F /* DSLinkedListEnumeratorTests.c in Sources */ = {isa = PBXBuildFile; fileRef = 44D0BCAD1B3A806600EE394F /* DSLinkedListEnumeratorTests.c */; };
		44D0BCB31B3A811A00EE394F /* DSAutoReleasingStackTests.c in Sources */ = {isa = PBXBuildFile; fileRef = 44D0BCB11B3A811A00EE394F /* DSAutoReleasingStackTests.c */; };
		44D0BCB61B3A812E00EE394F /* DSAutoreleasePoolTests.c in Sources */ = {isa = PBXBuildFile; fileRef = 44D0BCB41B3A812E00EE394F /* DSAutoreleasePoolTests.c */; };
		44D0BCB81B3A885200EE394F /* DSMacros.c in Sources */ = {isa = PBXBuildFile; fileRef = 44D0BCB71B3A885200EE394F /* DSMacros.c */; };
		44D0BCB91B3A885200EE394F /* DSMacros.c in Sources */ = {isa = PBXBuildFile; fileRef = 44D0BCB71B3A885200EE394F /* DSMacros.c */; };
		44D0BCBA1B3A885200EE394F /* DSMacros.c in Sources */ = {isa = PBXBuildFile; fileRef = 44D0BCB71B3A885200EE394F /* DSMacros.c */; };
		44D0BCBB1B3A885200EE394F /* DSMacros.c in Sources */ = {isa = PBXBuildFile; fileRef = 44D0BCB71B3A885200EE394F /* DSMacros.c */; };
		44D47D761AFF7FA400AA5792 /* DSParentsOutput.c in Sources */ = {isa = PBXBuildFile; fileRef = 44D47D741AFF7FA400AA5792 /* DSParentsOutput.c */; };
		44D47D841AFF90A200AA5792 /* main.c in Sources */ = {isa = PBXBuildFile; fileRef = 44D47D831AFF90A200AA5792 /* main.c */; };
		44D47D8A1AFF980400AA5792 /* DSPrimitiveTypeOutputTest.c in Sources */ = {isa = PBXBuildFile; fileRef = 44D47D881AFF980400AA5792 /* DSPrimitiveTypeOutputTest.c */; };
		44D47D981AFFB02300AA5792 /* main.c in Sources */ = {isa = PBXBuildFile; fileRef = 44D47D971AFFB02300AA5792 /* main.c */; };
		44D47D9C1AFFB15100AA5792 /* DSCreateStructure.c in Sources */ = {isa = PBXBuildFile; fileRef = 44D47D9A1AFFB15100AA5792 /* DSCreateStructure.c */; };
		44D5681D1B0C67BD00F171CC /* DSObject.c in Sources */ = {isa = PBXBuildFile; fileRef = 44D5681B1B0C67BD00F171CC /* DSObject.c */; };
		44D568211B0C68C900F171CC /* DSHumanBDDTest.c in Sources */ = {isa = PBXBuildFile; fileRef = 44D5681F1B0C68C900F171CC /* DSHumanBDDTest.c */; };
/* End PBXBuildFile section */

/* Begin PBXCopyFilesBuildPhase section */
		440BA2A51AFA7B8600790A82 /* CopyFiles */ = {
			isa = PBXCopyFilesBuildPhase;
			buildActionMask = 2147483647;
			dstPath = /usr/share/man/man1/;
			dstSubfolderSpec = 0;
			files = (
			);
			runOnlyForDeploymentPostprocessing = 1;
		};
		44D002D21B0A679B00DD1187 /* CopyFiles */ = {
			isa = PBXCopyFilesBuildPhase;
			buildActionMask = 2147483647;
			dstPath = /usr/share/man/man1/;
			dstSubfolderSpec = 0;
			files = (
			);
			runOnlyForDeploymentPostprocessing = 1;
		};
		44D47D791AFF901C00AA5792 /* CopyFiles */ = {
			isa = PBXCopyFilesBuildPhase;
			buildActionMask = 2147483647;
			dstPath = /usr/share/man/man1/;
			dstSubfolderSpec = 0;
			files = (
			);
			runOnlyForDeploymentPostprocessing = 1;
		};
		44D47D8D1AFFAFC000AA5792 /* CopyFiles */ = {
			isa = PBXCopyFilesBuildPhase;
			buildActionMask = 2147483647;
			dstPath = /usr/share/man/man1/;
			dstSubfolderSpec = 0;
			files = (
			);
			runOnlyForDeploymentPostprocessing = 1;
		};
/* End PBXCopyFilesBuildPhase section */

/* Begin PBXFileReference section */
		440BA2A71AFA7B8600790A82 /* DSHomeWork */ = {isa = PBXFileReference; explicitFileType = "compiled.mach-o.executable"; includeInIndex = 0; path = DSHomeWork; sourceTree = BUILT_PRODUCTS_DIR; };
		440BA2B31AFA80DE00790A82 /* main.c */ = {isa = PBXFileReference; fileEncoding = 4; lastKnownFileType = sourcecode.c.c; path = main.c; sourceTree = "<group>"; };
		440BA2B71AFA81BD00790A82 /* DSPrintSizeOfType.c */ = {isa = PBXFileReference; fileEncoding = 4; lastKnownFileType = sourcecode.c.c; path = DSPrintSizeOfType.c; sourceTree = "<group>"; };
		440BA2B81AFA81BD00790A82 /* DSPrintSizeOfType.h */ = {isa = PBXFileReference; fileEncoding = 4; lastKnownFileType = sourcecode.c.h; path = DSPrintSizeOfType.h; sourceTree = "<group>"; };
		440BA2BA1AFA81D500790A82 /* DSParentsSelect.c */ = {isa = PBXFileReference; fileEncoding = 4; lastKnownFileType = sourcecode.c.c; path = DSParentsSelect.c; sourceTree = "<group>"; };
		440BA2BB1AFA81D500790A82 /* DSParentsSelect.h */ = {isa = PBXFileReference; fileEncoding = 4; lastKnownFileType = sourcecode.c.h; path = DSParentsSelect.h; sourceTree = "<group>"; };
		44327CE61B1512F6006BAEED /* DSBitOutput.c */ = {isa = PBXFileReference; fileEncoding = 4; lastKnownFileType = sourcecode.c.c; path = DSBitOutput.c; sourceTree = "<group>"; };
		44327CE71B1512F6006BAEED /* DSBitOutput.h */ = {isa = PBXFileReference; fileEncoding = 4; lastKnownFileType = sourcecode.c.h; path = DSBitOutput.h; sourceTree = "<group>"; };
		44327CEA1B151439006BAEED /* DSBitOutputTest.c */ = {isa = PBXFileReference; fileEncoding = 4; lastKnownFileType = sourcecode.c.c; path = DSBitOutputTest.c; sourceTree = "<group>"; };
		44327CEB1B151439006BAEED /* DSBitOutputTest.h */ = {isa = PBXFileReference; fileEncoding = 4; lastKnownFileType = sourcecode.c.h; path = DSBitOutputTest.h; sourceTree = "<group>"; };
		44327CEE1B151551006BAEED /* DSArray.c */ = {isa = PBXFileReference; fileEncoding = 4; lastKnownFileType = sourcecode.c.c; path = DSArray.c; sourceTree = "<group>"; };
		44327CEF1B151551006BAEED /* DSArray.h */ = {isa = PBXFileReference; fileEncoding = 4; lastKnownFileType = sourcecode.c.h; path = DSArray.h; sourceTree = "<group>"; };
		44327CF21B15157F006BAEED /* DSString.c */ = {isa = PBXFileReference; fileEncoding = 4; lastKnownFileType = sourcecode.c.c; path = DSString.c; sourceTree = "<group>"; };
		44327CF31B15157F006BAEED /* DSString.h */ = {isa = PBXFileReference; fileEncoding = 4; lastKnownFileType = sourcecode.c.h; path = DSString.h; sourceTree = "<group>"; };
		44327CF61B1515BB006BAEED /* DSArrayTests.c */ = {isa = PBXFileReference; fileEncoding = 4; lastKnownFileType = sourcecode.c.c; path = DSArrayTests.c; sourceTree = "<group>"; };
		44327CF71B1515BB006BAEED /* DSArrayTests.h */ = {isa = PBXFileReference; fileEncoding = 4; lastKnownFileType = sourcecode.c.h; path = DSArrayTests.h; sourceTree = "<group>"; };
		44327CFA1B1515E7006BAEED /* DSStringTests.c */ = {isa = PBXFileReference; fileEncoding = 4; lastKnownFileType = sourcecode.c.c; path = DSStringTests.c; sourceTree = "<group>"; };
		44327CFB1B1515E7006BAEED /* DSStringTests.h */ = {isa = PBXFileReference; fileEncoding = 4; lastKnownFileType = sourcecode.c.h; path = DSStringTests.h; sourceTree = "<group>"; };
		449DC5C71B01248D00F162C2 /* DSStructuresTest.c */ = {isa = PBXFileReference; fileEncoding = 4; lastKnownFileType = sourcecode.c.c; path = DSStructuresTest.c; sourceTree = "<group>"; };
		449DC5C81B01248D00F162C2 /* DSStructuresTest.h */ = {isa = PBXFileReference; fileEncoding = 4; lastKnownFileType = sourcecode.c.h; path = DSStructuresTest.h; sourceTree = "<group>"; };
		44D002D41B0A679B00DD1187 /* DSHuman */ = {isa = PBXFileReference; explicitFileType = "compiled.mach-o.executable"; includeInIndex = 0; path = DSHuman; sourceTree = BUILT_PRODUCTS_DIR; };
		44D002D61B0A679B00DD1187 /* main.c */ = {isa = PBXFileReference; lastKnownFileType = sourcecode.c.c; name = main.c; path = ../main.c; sourceTree = "<group>"; };
		44D002DD1B0A688400DD1187 /* DSHuman.c */ = {isa = PBXFileReference; fileEncoding = 4; lastKnownFileType = sourcecode.c.c; path = DSHuman.c; sourceTree = "<group>"; };
		44D002DE1B0A688400DD1187 /* DSHuman.h */ = {isa = PBXFileReference; fileEncoding = 4; lastKnownFileType = sourcecode.c.h; path = DSHuman.h; sourceTree = "<group>"; };
		44D083421B393641008A6C6F /* DSAutoreleaseStack.c */ = {isa = PBXFileReference; fileEncoding = 4; lastKnownFileType = sourcecode.c.c; path = DSAutoreleaseStack.c; sourceTree = "<group>"; };
		44D083431B393641008A6C6F /* DSAutoreleaseStack.h */ = {isa = PBXFileReference; fileEncoding = 4; lastKnownFileType = sourcecode.c.h; path = DSAutoreleaseStack.h; sourceTree = "<group>"; };
		44D083451B393653008A6C6F /* DSLinkedListNode.c */ = {isa = PBXFileReference; fileEncoding = 4; lastKnownFileType = sourcecode.c.c; path = DSLinkedListNode.c; sourceTree = "<group>"; };
		44D083461B393653008A6C6F /* DSLinkedListNode.h */ = {isa = PBXFileReference; fileEncoding = 4; lastKnownFileType = sourcecode.c.h; path = DSLinkedListNode.h; sourceTree = "<group>"; };
		44D083481B393666008A6C6F /* DSLinkedListEnumerator.c */ = {isa = PBXFileReference; fileEncoding = 4; lastKnownFileType = sourcecode.c.c; path = DSLinkedListEnumerator.c; sourceTree = "<group>"; };
		44D083491B393666008A6C6F /* DSLinkedListEnumerator.h */ = {isa = PBXFileReference; fileEncoding = 4; lastKnownFileType = sourcecode.c.h; path = DSLinkedListEnumerator.h; sourceTree = "<group>"; };
		44D0834B1B393676008A6C6F /* DSLinkedList.c */ = {isa = PBXFileReference; fileEncoding = 4; lastKnownFileType = sourcecode.c.c; path = DSLinkedList.c; sourceTree = "<group>"; };
		44D0834C1B393676008A6C6F /* DSLinkedList.h */ = {isa = PBXFileReference; fileEncoding = 4; lastKnownFileType = sourcecode.c.h; path = DSLinkedList.h; sourceTree = "<group>"; };
		44D0834E1B393688008A6C6F /* DSAutoreleasePool.c */ = {isa = PBXFileReference; fileEncoding = 4; lastKnownFileType = sourcecode.c.c; path = DSAutoreleasePool.c; sourceTree = "<group>"; };
		44D0834F1B393688008A6C6F /* DSAutoreleasePool.h */ = {isa = PBXFileReference; fileEncoding = 4; lastKnownFileType = sourcecode.c.h; path = DSAutoreleasePool.h; sourceTree = "<group>"; };
		44D0BCA71B3A7F9C00EE394F /* DSLinkedNodeTests.c */ = {isa = PBXFileReference; fileEncoding = 4; lastKnownFileType = sourcecode.c.c; path = DSLinkedNodeTests.c; sourceTree = "<group>"; };
		44D0BCA81B3A7F9C00EE394F /* DSLinkedNodeTests.h */ = {isa = PBXFileReference; fileEncoding = 4; lastKnownFileType = sourcecode.c.h; path = DSLinkedNodeTests.h; sourceTree = "<group>"; };
		44D0BCAA1B3A805500EE394F /* DSLinkedListTests.c */ = {isa = PBXFileReference; fileEncoding = 4; lastKnownFileType = sourcecode.c.c; path = DSLinkedListTests.c; sourceTree = "<group>"; };
		44D0BCAB1B3A805500EE394F /* DSLinkedListTests.h */ = {isa = PBXFileReference; fileEncoding = 4; lastKnownFileType = sourcecode.c.h; path = DSLinkedListTests.h; sourceTree = "<group>"; };
		44D0BCAD1B3A806600EE394F /* DSLinkedListEnumeratorTests.c */ = {isa = PBXFileReference; fileEncoding = 4; lastKnownFileType = sourcecode.c.c; path = DSLinkedListEnumeratorTests.c; sourceTree = "<group>"; };
		44D0BCAE1B3A806600EE394F /* DSLinkedListEnumeratorTests.h */ = {isa = PBXFileReference; fileEncoding = 4; lastKnownFileType = sourcecode.c.h; path = DSLinkedListEnumeratorTests.h; sourceTree = "<group>"; };
		44D0BCB11B3A811A00EE394F /* DSAutoReleasingStackTests.c */ = {isa = PBXFileReference; fileEncoding = 4; lastKnownFileType = sourcecode.c.c; path = DSAutoReleasingStackTests.c; sourceTree = "<group>"; };
		44D0BCB21B3A811A00EE394F /* DSAutoReleasingStackTests.h */ = {isa = PBXFileReference; fileEncoding = 4; lastKnownFileType = sourcecode.c.h; path = DSAutoReleasingStackTests.h; sourceTree = "<group>"; };
		44D0BCB41B3A812E00EE394F /* DSAutoreleasePoolTests.c */ = {isa = PBXFileReference; fileEncoding = 4; lastKnownFileType = sourcecode.c.c; path = DSAutoreleasePoolTests.c; sourceTree = "<group>"; };
		44D0BCB51B3A812E00EE394F /* DSAutoreleasePoolTests.h */ = {isa = PBXFileReference; fileEncoding = 4; lastKnownFileType = sourcecode.c.h; path = DSAutoreleasePoolTests.h; sourceTree = "<group>"; };
		44D0BCB71B3A885200EE394F /* DSMacros.c */ = {isa = PBXFileReference; fileEncoding = 4; lastKnownFileType = sourcecode.c.c; path = DSMacros.c; sourceTree = "<group>"; };
		44D22FBA1B1E0C7E000B9150 /* DSMacros.h */ = {isa = PBXFileReference; fileEncoding = 4; lastKnownFileType = sourcecode.c.h; path = DSMacros.h; sourceTree = "<group>"; };
		44D33B6C1B40917700D54B65 /* DSLinkedListPrivate.h */ = {isa = PBXFileReference; fileEncoding = 4; lastKnownFileType = sourcecode.c.h; path = DSLinkedListPrivate.h; sourceTree = "<group>"; };
		44D47D741AFF7FA400AA5792 /* DSParentsOutput.c */ = {isa = PBXFileReference; fileEncoding = 4; lastKnownFileType = sourcecode.c.c; path = DSParentsOutput.c; sourceTree = "<group>"; };
		44D47D751AFF7FA400AA5792 /* DSParentsOutput.h */ = {isa = PBXFileReference; fileEncoding = 4; lastKnownFileType = sourcecode.c.h; path = DSParentsOutput.h; sourceTree = "<group>"; };
		44D47D7B1AFF901C00AA5792 /* DSHomeWork2 */ = {isa = PBXFileReference; explicitFileType = "compiled.mach-o.executable"; includeInIndex = 0; path = DSHomeWork2; sourceTree = BUILT_PRODUCTS_DIR; };
		44D47D831AFF90A200AA5792 /* main.c */ = {isa = PBXFileReference; fileEncoding = 4; lastKnownFileType = sourcecode.c.c; path = main.c; sourceTree = "<group>"; };
		44D47D861AFF938C00AA5792 /* DSPrimitiveTypeOutput.h */ = {isa = PBXFileReference; fileEncoding = 4; lastKnownFileType = sourcecode.c.h; path = DSPrimitiveTypeOutput.h; sourceTree = "<group>"; };
		44D47D881AFF980400AA5792 /* DSPrimitiveTypeOutputTest.c */ = {isa = PBXFileReference; fileEncoding = 4; lastKnownFileType = sourcecode.c.c; path = DSPrimitiveTypeOutputTest.c; sourceTree = "<group>"; };
		44D47D891AFF980400AA5792 /* DSPrimitiveTypeOutputTest.h */ = {isa = PBXFileReference; fileEncoding = 4; lastKnownFileType = sourcecode.c.h; path = DSPrimitiveTypeOutputTest.h; sourceTree = "<group>"; };
		44D47D8F1AFFAFC000AA5792 /* DSHomeWork3 */ = {isa = PBXFileReference; explicitFileType = "compiled.mach-o.executable"; includeInIndex = 0; path = DSHomeWork3; sourceTree = BUILT_PRODUCTS_DIR; };
		44D47D971AFFB02300AA5792 /* main.c */ = {isa = PBXFileReference; fileEncoding = 4; lastKnownFileType = sourcecode.c.c; path = main.c; sourceTree = "<group>"; };
		44D47D9A1AFFB15100AA5792 /* DSCreateStructure.c */ = {isa = PBXFileReference; fileEncoding = 4; lastKnownFileType = sourcecode.c.c; path = DSCreateStructure.c; sourceTree = "<group>"; };
		44D47D9B1AFFB15100AA5792 /* DSCreateStructure.h */ = {isa = PBXFileReference; fileEncoding = 4; lastKnownFileType = sourcecode.c.h; path = DSCreateStructure.h; sourceTree = "<group>"; };
		44D5681B1B0C67BD00F171CC /* DSObject.c */ = {isa = PBXFileReference; fileEncoding = 4; lastKnownFileType = sourcecode.c.c; path = DSObject.c; sourceTree = "<group>"; };
		44D5681C1B0C67BD00F171CC /* DSObject.h */ = {isa = PBXFileReference; fileEncoding = 4; lastKnownFileType = sourcecode.c.h; path = DSObject.h; sourceTree = "<group>"; };
		44D5681F1B0C68C900F171CC /* DSHumanBDDTest.c */ = {isa = PBXFileReference; fileEncoding = 4; lastKnownFileType = sourcecode.c.c; path = DSHumanBDDTest.c; sourceTree = "<group>"; };
		44D568201B0C68C900F171CC /* DSHumanBDDTest.h */ = {isa = PBXFileReference; fileEncoding = 4; lastKnownFileType = sourcecode.c.h; path = DSHumanBDDTest.h; sourceTree = "<group>"; };
/* End PBXFileReference section */

/* Begin PBXFrameworksBuildPhase section */
		440BA2A41AFA7B8600790A82 /* Frameworks */ = {
			isa = PBXFrameworksBuildPhase;
			buildActionMask = 2147483647;
			files = (
			);
			runOnlyForDeploymentPostprocessing = 0;
		};
		44D002D11B0A679B00DD1187 /* Frameworks */ = {
			isa = PBXFrameworksBuildPhase;
			buildActionMask = 2147483647;
			files = (
			);
			runOnlyForDeploymentPostprocessing = 0;
		};
		44D47D781AFF901C00AA5792 /* Frameworks */ = {
			isa = PBXFrameworksBuildPhase;
			buildActionMask = 2147483647;
			files = (
			);
			runOnlyForDeploymentPostprocessing = 0;
		};
		44D47D8C1AFFAFC000AA5792 /* Frameworks */ = {
			isa = PBXFrameworksBuildPhase;
			buildActionMask = 2147483647;
			files = (
			);
			runOnlyForDeploymentPostprocessing = 0;
		};
/* End PBXFrameworksBuildPhase section */

/* Begin PBXGroup section */
		440BA29E1AFA7B8600790A82 = {
			isa = PBXGroup;
			children = (
				440BA2A91AFA7B8600790A82 /* DSHomeWork */,
				44D47D7C1AFF901C00AA5792 /* DSHomeWork2 */,
				44D47D901AFFAFC000AA5792 /* DSHomeWork3 */,
				44D002D51B0A679B00DD1187 /* DSHuman */,
				440BA2B21AFA808500790A82 /* Tests */,
				440BA2A81AFA7B8600790A82 /* Products */,
			);
			sourceTree = "<group>";
		};
		440BA2A81AFA7B8600790A82 /* Products */ = {
			isa = PBXGroup;
			children = (
				440BA2A71AFA7B8600790A82 /* DSHomeWork */,
				44D47D7B1AFF901C00AA5792 /* DSHomeWork2 */,
				44D47D8F1AFFAFC000AA5792 /* DSHomeWork3 */,
				44D002D41B0A679B00DD1187 /* DSHuman */,
			);
			name = Products;
			sourceTree = "<group>";
		};
		440BA2A91AFA7B8600790A82 /* DSHomeWork */ = {
			isa = PBXGroup;
			children = (
				440BA2B11AFA805C00790A82 /* Source */,
			);
			path = DSHomeWork;
			sourceTree = "<group>";
		};
		440BA2B11AFA805C00790A82 /* Source */ = {
			isa = PBXGroup;
			children = (
				440BA2B51AFA815800790A82 /* DSPrintSizeOfType */,
				440BA2B61AFA819800790A82 /* DSParentsSelect */,
				440BA2B31AFA80DE00790A82 /* main.c */,
			);
			path = Source;
			sourceTree = "<group>";
		};
		440BA2B21AFA808500790A82 /* Tests */ = {
			isa = PBXGroup;
			children = (
				44D0BCA11B3A7DDE00EE394F /* DSAutoreleasePoolTests */,
				44327CF91B1515C2006BAEED /* DSStringTests */,
				44327CF51B151587006BAEED /* DSArrayTests */,
				44327CE91B1513FD006BAEED /* DSBitOutputTest */,
				44D5681E1B0C687100F171CC /* DSHumanTests */,
				449DC5C61B01244D00F162C2 /* DSStructuresTest */,
				44D47D871AFF97D400AA5792 /* DSPrimitiveTypeOutputTest */,
				44D47D731AFF7F6800AA5792 /* DSParentsOutput */,
			);
			name = Tests;
			path = DSHomeWork/Tests;
			sourceTree = "<group>";
		};
		440BA2B51AFA815800790A82 /* DSPrintSizeOfType */ = {
			isa = PBXGroup;
			children = (
				440BA2B71AFA81BD00790A82 /* DSPrintSizeOfType.c */,
				440BA2B81AFA81BD00790A82 /* DSPrintSizeOfType.h */,
			);
			path = DSPrintSizeOfType;
			sourceTree = "<group>";
		};
		440BA2B61AFA819800790A82 /* DSParentsSelect */ = {
			isa = PBXGroup;
			children = (
				440BA2BA1AFA81D500790A82 /* DSParentsSelect.c */,
				440BA2BB1AFA81D500790A82 /* DSParentsSelect.h */,
			);
			path = DSParentsSelect;
			sourceTree = "<group>";
		};
		44327CE51B1512AE006BAEED /* DSBitOutput */ = {
			isa = PBXGroup;
			children = (
				44327CE61B1512F6006BAEED /* DSBitOutput.c */,
				44327CE71B1512F6006BAEED /* DSBitOutput.h */,
			);
			path = DSBitOutput;
			sourceTree = "<group>";
		};
		44327CE91B1513FD006BAEED /* DSBitOutputTest */ = {
			isa = PBXGroup;
			children = (
				44327CEA1B151439006BAEED /* DSBitOutputTest.c */,
				44327CEB1B151439006BAEED /* DSBitOutputTest.h */,
			);
			path = DSBitOutputTest;
			sourceTree = "<group>";
		};
		44327CED1B15151B006BAEED /* DSArray */ = {
			isa = PBXGroup;
			children = (
				44327CEE1B151551006BAEED /* DSArray.c */,
				44327CEF1B151551006BAEED /* DSArray.h */,
			);
			path = DSArray;
			sourceTree = "<group>";
		};
		44327CF11B151555006BAEED /* DSString */ = {
			isa = PBXGroup;
			children = (
				44327CF21B15157F006BAEED /* DSString.c */,
				44327CF31B15157F006BAEED /* DSString.h */,
			);
			path = DSString;
			sourceTree = "<group>";
		};
		44327CF51B151587006BAEED /* DSArrayTests */ = {
			isa = PBXGroup;
			children = (
				44327CF61B1515BB006BAEED /* DSArrayTests.c */,
				44327CF71B1515BB006BAEED /* DSArrayTests.h */,
			);
			path = DSArrayTests;
			sourceTree = "<group>";
		};
		44327CF91B1515C2006BAEED /* DSStringTests */ = {
			isa = PBXGroup;
			children = (
				44327CFA1B1515E7006BAEED /* DSStringTests.c */,
				44327CFB1B1515E7006BAEED /* DSStringTests.h */,
			);
			path = DSStringTests;
			sourceTree = "<group>";
		};
		449DC5C61B01244D00F162C2 /* DSStructuresTest */ = {
			isa = PBXGroup;
			children = (
				449DC5C71B01248D00F162C2 /* DSStructuresTest.c */,
				449DC5C81B01248D00F162C2 /* DSStructuresTest.h */,
			);
			path = DSStructuresTest;
			sourceTree = "<group>";
		};
		44D002D51B0A679B00DD1187 /* DSHuman */ = {
			isa = PBXGroup;
			children = (
				44D002DB1B0A67A400DD1187 /* Source */,
			);
			path = DSHuman;
			sourceTree = "<group>";
		};
		44D002DB1B0A67A400DD1187 /* Source */ = {
			isa = PBXGroup;
			children = (
				44D22FB81B1E0C10000B9150 /* DSMacros */,
				44D2BFB11B2627D600510A41 /* DSAutoreleasePool */,
				44327CF11B151555006BAEED /* DSString */,
				44327CED1B15151B006BAEED /* DSArray */,
				44D5681A1B0C677E00F171CC /* DSObject */,
				44D002DC1B0A683200DD1187 /* DSHuman */,
				44D002D61B0A679B00DD1187 /* main.c */,
			);
			path = Source;
			sourceTree = "<group>";
		};
		44D002DC1B0A683200DD1187 /* DSHuman */ = {
			isa = PBXGroup;
			children = (
				44D002DD1B0A688400DD1187 /* DSHuman.c */,
				44D002DE1B0A688400DD1187 /* DSHuman.h */,
			);
			name = DSHuman;
			path = DSHumanStructure;
			sourceTree = "<group>";
		};
		44D083411B3935FC008A6C6F /* DSAutoreleaseStack */ = {
			isa = PBXGroup;
			children = (
				44D083421B393641008A6C6F /* DSAutoreleaseStack.c */,
				44D083431B393641008A6C6F /* DSAutoreleaseStack.h */,
			);
			path = DSAutoreleaseStack;
			sourceTree = "<group>";
		};
		44D0BCA11B3A7DDE00EE394F /* DSAutoreleasePoolTests */ = {
			isa = PBXGroup;
			children = (
				44D0BCA31B3A7E8800EE394F /* DSLinkedListNodeTests */,
				44D0BCA41B3A7EAC00EE394F /* DSLinkedListTests */,
				44D0BCA51B3A7EC700EE394F /* DSLinkedListEnumeratorTests */,
				44D0BCB01B3A809500EE394F /* DSAutoReleasingStackTests */,
				44D0BCB41B3A812E00EE394F /* DSAutoreleasePoolTests.c */,
				44D0BCB51B3A812E00EE394F /* DSAutoreleasePoolTests.h */,
			);
			path = DSAutoreleasePoolTests;
			sourceTree = "<group>";
		};
		44D0BCA31B3A7E8800EE394F /* DSLinkedListNodeTests */ = {
			isa = PBXGroup;
			children = (
				44D0BCA71B3A7F9C00EE394F /* DSLinkedNodeTests.c */,
				44D0BCA81B3A7F9C00EE394F /* DSLinkedNodeTests.h */,
			);
			path = DSLinkedListNodeTests;
			sourceTree = "<group>";
		};
		44D0BCA41B3A7EAC00EE394F /* DSLinkedListTests */ = {
			isa = PBXGroup;
			children = (
				44D0BCAA1B3A805500EE394F /* DSLinkedListTests.c */,
				44D0BCAB1B3A805500EE394F /* DSLinkedListTests.h */,
			);
			path = DSLinkedListTests;
			sourceTree = "<group>";
		};
		44D0BCA51B3A7EC700EE394F /* DSLinkedListEnumeratorTests */ = {
			isa = PBXGroup;
			children = (
				44D0BCAD1B3A806600EE394F /* DSLinkedListEnumeratorTests.c */,
				44D0BCAE1B3A806600EE394F /* DSLinkedListEnumeratorTests.h */,
			);
			path = DSLinkedListEnumeratorTests;
			sourceTree = "<group>";
		};
		44D0BCB01B3A809500EE394F /* DSAutoReleasingStackTests */ = {
			isa = PBXGroup;
			children = (
				44D0BCB11B3A811A00EE394F /* DSAutoReleasingStackTests.c */,
				44D0BCB21B3A811A00EE394F /* DSAutoReleasingStackTests.h */,
			);
			path = DSAutoReleasingStackTests;
			sourceTree = "<group>";
		};
		44D22FB81B1E0C10000B9150 /* DSMacros */ = {
			isa = PBXGroup;
			children = (
				44D22FBA1B1E0C7E000B9150 /* DSMacros.h */,
				44D0BCB71B3A885200EE394F /* DSMacros.c */,
			);
			path = DSMacros;
			sourceTree = "<group>";
		};
		44D2BFB11B2627D600510A41 /* DSAutoreleasePool */ = {
			isa = PBXGroup;
			children = (
				44D083411B3935FC008A6C6F /* DSAutoreleaseStack */,
				44D2BFB41B2628A100510A41 /* DSLinkedListNode */,
				44D2BFB31B26287300510A41 /* DSLinkedListEnumerator */,
				44D2BFB21B26282E00510A41 /* DSLinkedList */,
				44D0834E1B393688008A6C6F /* DSAutoreleasePool.c */,
				44D0834F1B393688008A6C6F /* DSAutoreleasePool.h */,
			);
			path = DSAutoreleasePool;
			sourceTree = "<group>";
		};
		44D2BFB21B26282E00510A41 /* DSLinkedList */ = {
			isa = PBXGroup;
			children = (
				44D0834B1B393676008A6C6F /* DSLinkedList.c */,
				44D0834C1B393676008A6C6F /* DSLinkedList.h */,
				44D33B6C1B40917700D54B65 /* DSLinkedListPrivate.h */,
			);
			path = DSLinkedList;
			sourceTree = "<group>";
		};
		44D2BFB31B26287300510A41 /* DSLinkedListEnumerator */ = {
			isa = PBXGroup;
			children = (
				44D083481B393666008A6C6F /* DSLinkedListEnumerator.c */,
				44D083491B393666008A6C6F /* DSLinkedListEnumerator.h */,
			);
			path = DSLinkedListEnumerator;
			sourceTree = "<group>";
		};
		44D2BFB41B2628A100510A41 /* DSLinkedListNode */ = {
			isa = PBXGroup;
			children = (
				44D083451B393653008A6C6F /* DSLinkedListNode.c */,
				44D083461B393653008A6C6F /* DSLinkedListNode.h */,
			);
			path = DSLinkedListNode;
			sourceTree = "<group>";
		};
		44D47D731AFF7F6800AA5792 /* DSParentsOutput */ = {
			isa = PBXGroup;
			children = (
				44D47D741AFF7FA400AA5792 /* DSParentsOutput.c */,
				44D47D751AFF7FA400AA5792 /* DSParentsOutput.h */,
			);
			path = DSParentsOutput;
			sourceTree = "<group>";
		};
		44D47D7C1AFF901C00AA5792 /* DSHomeWork2 */ = {
			isa = PBXGroup;
			children = (
				44D47D821AFF903000AA5792 /* Source */,
			);
			path = DSHomeWork2;
			sourceTree = "<group>";
		};
		44D47D821AFF903000AA5792 /* Source */ = {
			isa = PBXGroup;
			children = (
				44D47D851AFF931100AA5792 /* DSPrimitiveTypeOutput */,
				44D47D831AFF90A200AA5792 /* main.c */,
			);
			path = Source;
			sourceTree = "<group>";
		};
		44D47D851AFF931100AA5792 /* DSPrimitiveTypeOutput */ = {
			isa = PBXGroup;
			children = (
				44D47D861AFF938C00AA5792 /* DSPrimitiveTypeOutput.h */,
			);
			path = DSPrimitiveTypeOutput;
			sourceTree = "<group>";
		};
		44D47D871AFF97D400AA5792 /* DSPrimitiveTypeOutputTest */ = {
			isa = PBXGroup;
			children = (
				44D47D881AFF980400AA5792 /* DSPrimitiveTypeOutputTest.c */,
				44D47D891AFF980400AA5792 /* DSPrimitiveTypeOutputTest.h */,
			);
			path = DSPrimitiveTypeOutputTest;
			sourceTree = "<group>";
		};
		44D47D901AFFAFC000AA5792 /* DSHomeWork3 */ = {
			isa = PBXGroup;
			children = (
				44D47D961AFFAFD600AA5792 /* Source */,
			);
			path = DSHomeWork3;
			sourceTree = "<group>";
		};
		44D47D961AFFAFD600AA5792 /* Source */ = {
			isa = PBXGroup;
			children = (
				44D47D991AFFB11300AA5792 /* DSCreateStructure */,
				44327CE51B1512AE006BAEED /* DSBitOutput */,
				44D47D971AFFB02300AA5792 /* main.c */,
			);
			path = Source;
			sourceTree = "<group>";
		};
		44D47D991AFFB11300AA5792 /* DSCreateStructure */ = {
			isa = PBXGroup;
			children = (
				44D47D9A1AFFB15100AA5792 /* DSCreateStructure.c */,
				44D47D9B1AFFB15100AA5792 /* DSCreateStructure.h */,
			);
			path = DSCreateStructure;
			sourceTree = "<group>";
		};
		44D5681A1B0C677E00F171CC /* DSObject */ = {
			isa = PBXGroup;
			children = (
				44D5681B1B0C67BD00F171CC /* DSObject.c */,
				44D5681C1B0C67BD00F171CC /* DSObject.h */,
			);
			path = DSObject;
			sourceTree = "<group>";
		};
		44D5681E1B0C687100F171CC /* DSHumanTests */ = {
			isa = PBXGroup;
			children = (
				44D5681F1B0C68C900F171CC /* DSHumanBDDTest.c */,
				44D568201B0C68C900F171CC /* DSHumanBDDTest.h */,
			);
			path = DSHumanTests;
			sourceTree = "<group>";
		};
/* End PBXGroup section */

/* Begin PBXNativeTarget section */
		440BA2A61AFA7B8600790A82 /* DSHomeWork */ = {
			isa = PBXNativeTarget;
			buildConfigurationList = 440BA2AE1AFA7B8600790A82 /* Build configuration list for PBXNativeTarget "DSHomeWork" */;
			buildPhases = (
				440BA2A31AFA7B8600790A82 /* Sources */,
				440BA2A41AFA7B8600790A82 /* Frameworks */,
				440BA2A51AFA7B8600790A82 /* CopyFiles */,
			);
			buildRules = (
			);
			dependencies = (
			);
			name = DSHomeWork;
			productName = DSHomeWork;
			productReference = 440BA2A71AFA7B8600790A82 /* DSHomeWork */;
			productType = "com.apple.product-type.tool";
		};
		44D002D31B0A679B00DD1187 /* DSHuman */ = {
			isa = PBXNativeTarget;
			buildConfigurationList = 44D002D81B0A679B00DD1187 /* Build configuration list for PBXNativeTarget "DSHuman" */;
			buildPhases = (
				44D002D01B0A679B00DD1187 /* Sources */,
				44D002D11B0A679B00DD1187 /* Frameworks */,
				44D002D21B0A679B00DD1187 /* CopyFiles */,
			);
			buildRules = (
			);
			dependencies = (
			);
			name = DSHuman;
			productName = DSHuman;
			productReference = 44D002D41B0A679B00DD1187 /* DSHuman */;
			productType = "com.apple.product-type.tool";
		};
		44D47D7A1AFF901C00AA5792 /* DSHomeWork2 */ = {
			isa = PBXNativeTarget;
			buildConfigurationList = 44D47D811AFF901C00AA5792 /* Build configuration list for PBXNativeTarget "DSHomeWork2" */;
			buildPhases = (
				44D47D771AFF901C00AA5792 /* Sources */,
				44D47D781AFF901C00AA5792 /* Frameworks */,
				44D47D791AFF901C00AA5792 /* CopyFiles */,
			);
			buildRules = (
			);
			dependencies = (
			);
			name = DSHomeWork2;
			productName = DSHomeWork2;
			productReference = 44D47D7B1AFF901C00AA5792 /* DSHomeWork2 */;
			productType = "com.apple.product-type.tool";
		};
		44D47D8E1AFFAFC000AA5792 /* DSHomeWork3 */ = {
			isa = PBXNativeTarget;
			buildConfigurationList = 44D47D951AFFAFC000AA5792 /* Build configuration list for PBXNativeTarget "DSHomeWork3" */;
			buildPhases = (
				44D47D8B1AFFAFC000AA5792 /* Sources */,
				44D47D8C1AFFAFC000AA5792 /* Frameworks */,
				44D47D8D1AFFAFC000AA5792 /* CopyFiles */,
			);
			buildRules = (
			);
			dependencies = (
			);
			name = DSHomeWork3;
			productName = DSHomeWork3;
			productReference = 44D47D8F1AFFAFC000AA5792 /* DSHomeWork3 */;
			productType = "com.apple.product-type.tool";
		};
/* End PBXNativeTarget section */

/* Begin PBXProject section */
		440BA29F1AFA7B8600790A82 /* Project object */ = {
			isa = PBXProject;
			attributes = {
				LastUpgradeCheck = 0630;
				ORGANIZATIONNAME = IDAPGroupCollege;
				TargetAttributes = {
					440BA2A61AFA7B8600790A82 = {
						CreatedOnToolsVersion = 6.3.1;
					};
					44D002D31B0A679B00DD1187 = {
						CreatedOnToolsVersion = 6.3.1;
					};
					44D47D7A1AFF901C00AA5792 = {
						CreatedOnToolsVersion = 6.3.1;
					};
					44D47D8E1AFFAFC000AA5792 = {
						CreatedOnToolsVersion = 6.3.1;
					};
				};
			};
			buildConfigurationList = 440BA2A21AFA7B8600790A82 /* Build configuration list for PBXProject "DSHomeWork" */;
			compatibilityVersion = "Xcode 3.2";
			developmentRegion = English;
			hasScannedForEncodings = 0;
			knownRegions = (
				en,
			);
			mainGroup = 440BA29E1AFA7B8600790A82;
			productRefGroup = 440BA2A81AFA7B8600790A82 /* Products */;
			projectDirPath = "";
			projectRoot = "";
			targets = (
				440BA2A61AFA7B8600790A82 /* DSHomeWork */,
				44D47D7A1AFF901C00AA5792 /* DSHomeWork2 */,
				44D47D8E1AFFAFC000AA5792 /* DSHomeWork3 */,
				44D002D31B0A679B00DD1187 /* DSHuman */,
			);
		};
/* End PBXProject section */

/* Begin PBXSourcesBuildPhase section */
		440BA2A31AFA7B8600790A82 /* Sources */ = {
			isa = PBXSourcesBuildPhase;
			buildActionMask = 2147483647;
			files = (
				440BA2BC1AFA81D500790A82 /* DSParentsSelect.c in Sources */,
				440BA2B91AFA81BD00790A82 /* DSPrintSizeOfType.c in Sources */,
				440BA2B41AFA80DE00790A82 /* main.c in Sources */,
				44D0BCB81B3A885200EE394F /* DSMacros.c in Sources */,
				44D47D761AFF7FA400AA5792 /* DSParentsOutput.c in Sources */,
			);
			runOnlyForDeploymentPostprocessing = 0;
		};
		44D002D01B0A679B00DD1187 /* Sources */ = {
			isa = PBXSourcesBuildPhase;
			buildActionMask = 2147483647;
			files = (
				44D5681D1B0C67BD00F171CC /* DSObject.c in Sources */,
				44D0834D1B393676008A6C6F /* DSLinkedList.c in Sources */,
				44327CFC1B1515E7006BAEED /* DSStringTests.c in Sources */,
				44D0BCBB1B3A885200EE394F /* DSMacros.c in Sources */,
				44327CF41B15157F006BAEED /* DSString.c in Sources */,
				44D083471B393653008A6C6F /* DSLinkedListNode.c in Sources */,
				44D002DF1B0A688500DD1187 /* DSHuman.c in Sources */,
				44D002D71B0A679B00DD1187 /* main.c in Sources */,
				44327CF01B151551006BAEED /* DSArray.c in Sources */,
				44D568211B0C68C900F171CC /* DSHumanBDDTest.c in Sources */,
				44D0BCAC1B3A805500EE394F /* DSLinkedListTests.c in Sources */,
				44D0834A1B393666008A6C6F /* DSLinkedListEnumerator.c in Sources */,
				44D083441B393641008A6C6F /* DSAutoreleaseStack.c in Sources */,
				44D0BCA91B3A7F9C00EE394F /* DSLinkedNodeTests.c in Sources */,
				44D0BCAF1B3A806600EE394F /* DSLinkedListEnumeratorTests.c in Sources */,
				44D0BCB31B3A811A00EE394F /* DSAutoReleasingStackTests.c in Sources */,
				44D083501B393688008A6C6F /* DSAutoreleasePool.c in Sources */,
				44327CF81B1515BB006BAEED /* DSArrayTests.c in Sources */,
				44D0BCB61B3A812E00EE394F /* DSAutoreleasePoolTests.c in Sources */,
			);
			runOnlyForDeploymentPostprocessing = 0;
		};
		44D47D771AFF901C00AA5792 /* Sources */ = {
			isa = PBXSourcesBuildPhase;
			buildActionMask = 2147483647;
			files = (
				44D47D841AFF90A200AA5792 /* main.c in Sources */,
				44D47D8A1AFF980400AA5792 /* DSPrimitiveTypeOutputTest.c in Sources */,
				44D0BCB91B3A885200EE394F /* DSMacros.c in Sources */,
			);
			runOnlyForDeploymentPostprocessing = 0;
		};
		44D47D8B1AFFAFC000AA5792 /* Sources */ = {
			isa = PBXSourcesBuildPhase;
			buildActionMask = 2147483647;
			files = (
				449DC5CA1B01248D00F162C2 /* DSStructuresTest.c in Sources */,
				44327CE81B1512F6006BAEED /* DSBitOutput.c in Sources */,
				44D47D9C1AFFB15100AA5792 /* DSCreateStructure.c in Sources */,
				44327CEC1B151439006BAEED /* DSBitOutputTest.c in Sources */,
				44D47D981AFFB02300AA5792 /* main.c in Sources */,
				44D0BCBA1B3A885200EE394F /* DSMacros.c in Sources */,
			);
			runOnlyForDeploymentPostprocessing = 0;
		};
/* End PBXSourcesBuildPhase section */

/* Begin XCBuildConfiguration section */
		440BA2AC1AFA7B8600790A82 /* Debug */ = {
			isa = XCBuildConfiguration;
			buildSettings = {
				ALWAYS_SEARCH_USER_PATHS = NO;
				CLANG_CXX_LANGUAGE_STANDARD = "gnu++0x";
				CLANG_CXX_LIBRARY = "libc++";
				CLANG_ENABLE_MODULES = YES;
				CLANG_ENABLE_OBJC_ARC = YES;
				CLANG_WARN_BOOL_CONVERSION = YES;
				CLANG_WARN_CONSTANT_CONVERSION = YES;
				CLANG_WARN_DIRECT_OBJC_ISA_USAGE = YES_ERROR;
				CLANG_WARN_EMPTY_BODY = YES;
				CLANG_WARN_ENUM_CONVERSION = YES;
				CLANG_WARN_INT_CONVERSION = YES;
				CLANG_WARN_OBJC_ROOT_CLASS = YES_ERROR;
				CLANG_WARN_UNREACHABLE_CODE = YES;
				CLANG_WARN__DUPLICATE_METHOD_MATCH = YES;
				COPY_PHASE_STRIP = NO;
				DEBUG_INFORMATION_FORMAT = dwarf;
				ENABLE_STRICT_OBJC_MSGSEND = YES;
				GCC_C_LANGUAGE_STANDARD = gnu99;
				GCC_DYNAMIC_NO_PIC = NO;
				GCC_NO_COMMON_BLOCKS = YES;
				GCC_OPTIMIZATION_LEVEL = 0;
				GCC_PREPROCESSOR_DEFINITIONS = (
					"DEBUG=1",
					"$(inherited)",
				);
				GCC_SYMBOLS_PRIVATE_EXTERN = NO;
				GCC_WARN_64_TO_32_BIT_CONVERSION = YES;
				GCC_WARN_ABOUT_RETURN_TYPE = YES_ERROR;
				GCC_WARN_UNDECLARED_SELECTOR = YES;
				GCC_WARN_UNINITIALIZED_AUTOS = YES_AGGRESSIVE;
				GCC_WARN_UNUSED_FUNCTION = YES;
				GCC_WARN_UNUSED_VARIABLE = YES;
				MACOSX_DEPLOYMENT_TARGET = 10.10;
				MTL_ENABLE_DEBUG_INFO = YES;
				ONLY_ACTIVE_ARCH = YES;
				SDKROOT = macosx;
			};
			name = Debug;
		};
		440BA2AD1AFA7B8600790A82 /* Release */ = {
			isa = XCBuildConfiguration;
			buildSettings = {
				ALWAYS_SEARCH_USER_PATHS = NO;
				CLANG_CXX_LANGUAGE_STANDARD = "gnu++0x";
				CLANG_CXX_LIBRARY = "libc++";
				CLANG_ENABLE_MODULES = YES;
				CLANG_ENABLE_OBJC_ARC = YES;
				CLANG_WARN_BOOL_CONVERSION = YES;
				CLANG_WARN_CONSTANT_CONVERSION = YES;
				CLANG_WARN_DIRECT_OBJC_ISA_USAGE = YES_ERROR;
				CLANG_WARN_EMPTY_BODY = YES;
				CLANG_WARN_ENUM_CONVERSION = YES;
				CLANG_WARN_INT_CONVERSION = YES;
				CLANG_WARN_OBJC_ROOT_CLASS = YES_ERROR;
				CLANG_WARN_UNREACHABLE_CODE = YES;
				CLANG_WARN__DUPLICATE_METHOD_MATCH = YES;
				COPY_PHASE_STRIP = NO;
				DEBUG_INFORMATION_FORMAT = "dwarf-with-dsym";
				ENABLE_NS_ASSERTIONS = NO;
				ENABLE_STRICT_OBJC_MSGSEND = YES;
				GCC_C_LANGUAGE_STANDARD = gnu99;
				GCC_NO_COMMON_BLOCKS = YES;
				GCC_WARN_64_TO_32_BIT_CONVERSION = YES;
				GCC_WARN_ABOUT_RETURN_TYPE = YES_ERROR;
				GCC_WARN_UNDECLARED_SELECTOR = YES;
				GCC_WARN_UNINITIALIZED_AUTOS = YES_AGGRESSIVE;
				GCC_WARN_UNUSED_FUNCTION = YES;
				GCC_WARN_UNUSED_VARIABLE = YES;
				MACOSX_DEPLOYMENT_TARGET = 10.10;
				MTL_ENABLE_DEBUG_INFO = NO;
				SDKROOT = macosx;
			};
			name = Release;
		};
		440BA2AF1AFA7B8600790A82 /* Debug */ = {
			isa = XCBuildConfiguration;
			buildSettings = {
				PRODUCT_NAME = "$(TARGET_NAME)";
			};
			name = Debug;
		};
		440BA2B01AFA7B8600790A82 /* Release */ = {
			isa = XCBuildConfiguration;
			buildSettings = {
				PRODUCT_NAME = "$(TARGET_NAME)";
			};
			name = Release;
		};
		44D002D91B0A679B00DD1187 /* Debug */ = {
			isa = XCBuildConfiguration;
			buildSettings = {
				GCC_PREPROCESSOR_DEFINITIONS = (
					"DEBUG=1",
					"$(inherited)",
				);
				PRODUCT_NAME = "$(TARGET_NAME)";
			};
			name = Debug;
		};
		44D002DA1B0A679B00DD1187 /* Release */ = {
			isa = XCBuildConfiguration;
			buildSettings = {
				PRODUCT_NAME = "$(TARGET_NAME)";
			};
			name = Release;
		};
		44D47D7F1AFF901C00AA5792 /* Debug */ = {
			isa = XCBuildConfiguration;
			buildSettings = {
				GCC_PREPROCESSOR_DEFINITIONS = (
					"DEBUG=1",
					"$(inherited)",
				);
				PRODUCT_NAME = "$(TARGET_NAME)";
			};
			name = Debug;
		};
		44D47D801AFF901C00AA5792 /* Release */ = {
			isa = XCBuildConfiguration;
			buildSettings = {
				PRODUCT_NAME = "$(TARGET_NAME)";
			};
			name = Release;
		};
		44D47D931AFFAFC000AA5792 /* Debug */ = {
			isa = XCBuildConfiguration;
			buildSettings = {
				GCC_PREPROCESSOR_DEFINITIONS = (
					"DEBUG=1",
					"$(inherited)",
				);
				PRODUCT_NAME = "$(TARGET_NAME)";
			};
			name = Debug;
		};
		44D47D941AFFAFC000AA5792 /* Release */ = {
			isa = XCBuildConfiguration;
			buildSettings = {
				PRODUCT_NAME = "$(TARGET_NAME)";
			};
			name = Release;
		};
/* End XCBuildConfiguration section */

/* Begin XCConfigurationList section */
		440BA2A21AFA7B8600790A82 /* Build configuration list for PBXProject "DSHomeWork" */ = {
			isa = XCConfigurationList;
			buildConfigurations = (
				440BA2AC1AFA7B8600790A82 /* Debug */,
				440BA2AD1AFA7B8600790A82 /* Release */,
			);
			defaultConfigurationIsVisible = 0;
			defaultConfigurationName = Release;
		};
		440BA2AE1AFA7B8600790A82 /* Build configuration list for PBXNativeTarget "DSHomeWork" */ = {
			isa = XCConfigurationList;
			buildConfigurations = (
				440BA2AF1AFA7B8600790A82 /* Debug */,
				440BA2B01AFA7B8600790A82 /* Release */,
			);
			defaultConfigurationIsVisible = 0;
			defaultConfigurationName = Release;
		};
		44D002D81B0A679B00DD1187 /* Build configuration list for PBXNativeTarget "DSHuman" */ = {
			isa = XCConfigurationList;
			buildConfigurations = (
				44D002D91B0A679B00DD1187 /* Debug */,
				44D002DA1B0A679B00DD1187 /* Release */,
			);
			defaultConfigurationIsVisible = 0;
			defaultConfigurationName = Release;
		};
		44D47D811AFF901C00AA5792 /* Build configuration list for PBXNativeTarget "DSHomeWork2" */ = {
			isa = XCConfigurationList;
			buildConfigurations = (
				44D47D7F1AFF901C00AA5792 /* Debug */,
				44D47D801AFF901C00AA5792 /* Release */,
			);
			defaultConfigurationIsVisible = 0;
			defaultConfigurationName = Release;
		};
		44D47D951AFFAFC000AA5792 /* Build configuration list for PBXNativeTarget "DSHomeWork3" */ = {
			isa = XCConfigurationList;
			buildConfigurations = (
				44D47D931AFFAFC000AA5792 /* Debug */,
				44D47D941AFFAFC000AA5792 /* Release */,
			);
			defaultConfigurationIsVisible = 0;
			defaultConfigurationName = Release;
		};
/* End XCConfigurationList section */
	};
	rootObject = 440BA29F1AFA7B8600790A82 /* Project object */;
}
